// !$*UTF8*$!
{
	archiveVersion = 1;
	classes = {
	};
	objectVersion = 46;
	objects = {

/* Begin PBXBuildFile section */
		4125933A1EC6A5D100DFEC81 /* EventKitUI.framework in Frameworks */ = {isa = PBXBuildFile; fileRef = 412593391EC6A5D100DFEC81 /* EventKitUI.framework */; };
		4125933D1EC6AD9E00DFEC81 /* GestureForPhoto.storyboard in Resources */ = {isa = PBXBuildFile; fileRef = 4125933C1EC6AD9E00DFEC81 /* GestureForPhoto.storyboard */; };
		4125933F1EC6ADB500DFEC81 /* GestureForPhotoViewController.swift in Sources */ = {isa = PBXBuildFile; fileRef = 4125933E1EC6ADB500DFEC81 /* GestureForPhotoViewController.swift */; };
		415B10CB1EB43CF300A95D27 /* SourceCodeEx.swift in Sources */ = {isa = PBXBuildFile; fileRef = 415B10CA1EB43CF300A95D27 /* SourceCodeEx.swift */; };
		415B10CF1EB4468D00A95D27 /* UIBarButtonItemEx.swift in Sources */ = {isa = PBXBuildFile; fileRef = 415B10CE1EB4468D00A95D27 /* UIBarButtonItemEx.swift */; };
		415B10D21EB58B5100A95D27 /* AVFoundationQRcode.storyboard in Resources */ = {isa = PBXBuildFile; fileRef = 415B10D11EB58B5100A95D27 /* AVFoundationQRcode.storyboard */; };
		415B10D41EB58B7C00A95D27 /* QRcodeViewController.swift in Sources */ = {isa = PBXBuildFile; fileRef = 415B10D31EB58B7C00A95D27 /* QRcodeViewController.swift */; };
		415B10D61EB58C3900A95D27 /* AVFoundation.framework in Frameworks */ = {isa = PBXBuildFile; fileRef = 415B10D51EB58C3900A95D27 /* AVFoundation.framework */; };
		415B10DF1EB5A5CD00A95D27 /* AlertC.storyboard in Resources */ = {isa = PBXBuildFile; fileRef = 415B10DE1EB5A5CD00A95D27 /* AlertC.storyboard */; };
		415B10E11EB5A64B00A95D27 /* AlertViewController.swift in Sources */ = {isa = PBXBuildFile; fileRef = 415B10E01EB5A64B00A95D27 /* AlertViewController.swift */; };
		41E59B9E1EBD63F30047BD27 /* WGridFlowLayout.swift in Sources */ = {isa = PBXBuildFile; fileRef = 41E59B9D1EBD63F30047BD27 /* WGridFlowLayout.swift */; };
		41E59BA01EBDB72C0047BD27 /* collectionview.html in Resources */ = {isa = PBXBuildFile; fileRef = 41E59B9F1EBDB72C0047BD27 /* collectionview.html */; };
		41E59BA31EBDBCB50047BD27 /* CoreAnimation.storyboard in Resources */ = {isa = PBXBuildFile; fileRef = 41E59BA21EBDBCB50047BD27 /* CoreAnimation.storyboard */; };
		41E59BA51EBDBD680047BD27 /* CoreAnimationViewController.swift in Sources */ = {isa = PBXBuildFile; fileRef = 41E59BA41EBDBD680047BD27 /* CoreAnimationViewController.swift */; };
		41E59BA81EBED4020047BD27 /* CoreDataViewController.swift in Sources */ = {isa = PBXBuildFile; fileRef = 41E59BA71EBED4020047BD27 /* CoreDataViewController.swift */; };
		41E59BAA1EBED40D0047BD27 /* CoreData.storyboard in Resources */ = {isa = PBXBuildFile; fileRef = 41E59BA91EBED40D0047BD27 /* CoreData.storyboard */; };
		41E59C0D1EBEDAB00047BD27 /* CoreData.framework in Frameworks */ = {isa = PBXBuildFile; fileRef = 41E59C0C1EBEDAB00047BD27 /* CoreData.framework */; };
		41E59C0F1EBEDAF10047BD27 /* CoreData.xcdatamodel in Sources */ = {isa = PBXBuildFile; fileRef = 41E59C0E1EBEDAF10047BD27 /* CoreData.xcdatamodel */; };
		41E59C111EBEEC960047BD27 /* coreanimation.html in Resources */ = {isa = PBXBuildFile; fileRef = 41E59C101EBEEC960047BD27 /* coreanimation.html */; };
		41E59C151EBF06E40047BD27 /* coredata.html in Resources */ = {isa = PBXBuildFile; fileRef = 41E59C141EBF06E40047BD27 /* coredata.html */; };
		41E59C181EBF072C0047BD27 /* CoreImage.storyboard in Resources */ = {isa = PBXBuildFile; fileRef = 41E59C171EBF072C0047BD27 /* CoreImage.storyboard */; };
		41E59C1A1EBF07510047BD27 /* CoreImageViewController.swift in Sources */ = {isa = PBXBuildFile; fileRef = 41E59C191EBF07510047BD27 /* CoreImageViewController.swift */; };
		41E59C1D1EBF3D730047BD27 /* heart.png in Resources */ = {isa = PBXBuildFile; fileRef = 41E59C1C1EBF3D730047BD27 /* heart.png */; };
		41E59C211EBF3F5C0047BD27 /* walle.png in Resources */ = {isa = PBXBuildFile; fileRef = 41E59C201EBF3F5C0047BD27 /* walle.png */; };
		41EB26851EB5B8EA00480186 /* AnimationQuartzCore.storyboard in Resources */ = {isa = PBXBuildFile; fileRef = 41EB26841EB5B8EA00480186 /* AnimationQuartzCore.storyboard */; };
		41EB26871EB5B95500480186 /* AnimationQuartzCoreViewController.swift in Sources */ = {isa = PBXBuildFile; fileRef = 41EB26861EB5B95500480186 /* AnimationQuartzCoreViewController.swift */; };
		41EB26891EB5BECF00480186 /* QuartzCore.framework in Frameworks */ = {isa = PBXBuildFile; fileRef = 41EB26881EB5BECF00480186 /* QuartzCore.framework */; };
		41EB268E1EB5CBCA00480186 /* AnimationGestureViewController.swift in Sources */ = {isa = PBXBuildFile; fileRef = 41EB268D1EB5CBCA00480186 /* AnimationGestureViewController.swift */; };
		41EB26901EB5CBD700480186 /* AnimationGesture.storyboard in Resources */ = {isa = PBXBuildFile; fileRef = 41EB268F1EB5CBD700480186 /* AnimationGesture.storyboard */; };
		41EB26951EB5D8D100480186 /* BasicAgenda.storyboard in Resources */ = {isa = PBXBuildFile; fileRef = 41EB26941EB5D8D100480186 /* BasicAgenda.storyboard */; };
		41EB26971EB5DB9B00480186 /* ContactListViewController.swift in Sources */ = {isa = PBXBuildFile; fileRef = 41EB26961EB5DB9B00480186 /* ContactListViewController.swift */; };
		41EB26991EB5DBAB00480186 /* ContactDetailViewController.swift in Sources */ = {isa = PBXBuildFile; fileRef = 41EB26981EB5DBAB00480186 /* ContactDetailViewController.swift */; };
		41EB269B1EB5DBC800480186 /* ContactAddViewController.swift in Sources */ = {isa = PBXBuildFile; fileRef = 41EB269A1EB5DBC800480186 /* ContactAddViewController.swift */; };
		41EB269E1EBD5F8C00480186 /* CollectionView.storyboard in Resources */ = {isa = PBXBuildFile; fileRef = 41EB269D1EBD5F8C00480186 /* CollectionView.storyboard */; };
		41EB26A01EBD5FA000480186 /* CollectionViewController.swift in Sources */ = {isa = PBXBuildFile; fileRef = 41EB269F1EBD5FA000480186 /* CollectionViewController.swift */; };
		605DD4111EB2CB13001C873C /* AppDelegate.swift in Sources */ = {isa = PBXBuildFile; fileRef = 605DD4101EB2CB13001C873C /* AppDelegate.swift */; };
		605DD4131EB2CB13001C873C /* ViewController.swift in Sources */ = {isa = PBXBuildFile; fileRef = 605DD4121EB2CB13001C873C /* ViewController.swift */; };
		605DD4161EB2CB13001C873C /* Main.storyboard in Resources */ = {isa = PBXBuildFile; fileRef = 605DD4141EB2CB13001C873C /* Main.storyboard */; };
		605DD4181EB2CB13001C873C /* Assets.xcassets in Resources */ = {isa = PBXBuildFile; fileRef = 605DD4171EB2CB13001C873C /* Assets.xcassets */; };
		605DD41B1EB2CB13001C873C /* LaunchScreen.storyboard in Resources */ = {isa = PBXBuildFile; fileRef = 605DD4191EB2CB13001C873C /* LaunchScreen.storyboard */; };
		605DD4241EB2CDED001C873C /* ProjectList.plist in Resources */ = {isa = PBXBuildFile; fileRef = 605DD4231EB2CDED001C873C /* ProjectList.plist */; };
		605DD4281EB2D68E001C873C /* AirdropViewController.swift in Sources */ = {isa = PBXBuildFile; fileRef = 605DD4271EB2D68E001C873C /* AirdropViewController.swift */; };
		605DD42A1EB2D6B8001C873C /* AirdropURLViewController.swift in Sources */ = {isa = PBXBuildFile; fileRef = 605DD4291EB2D6B8001C873C /* AirdropURLViewController.swift */; };
		605DD42C1EB2D71C001C873C /* Airdrop.storyboard in Resources */ = {isa = PBXBuildFile; fileRef = 605DD42B1EB2D71C001C873C /* Airdrop.storyboard */; };
		605DD4A61EB3404D001C873C /* SourceCodeViewController.swift in Sources */ = {isa = PBXBuildFile; fileRef = 605DD4A51EB3404D001C873C /* SourceCodeViewController.swift */; };
		605DD4AA1EB3413E001C873C /* WebKit.framework in Frameworks */ = {isa = PBXBuildFile; fileRef = 605DD4A91EB3413E001C873C /* WebKit.framework */; };
		605DD4AC1EB34147001C873C /* MediaPlayer.framework in Frameworks */ = {isa = PBXBuildFile; fileRef = 605DD4AB1EB34147001C873C /* MediaPlayer.framework */; };
		608BFF9D1ECBEF4C00196E99 /* UIGestureRecognizerEx.swift in Sources */ = {isa = PBXBuildFile; fileRef = 608BFF9C1ECBEF4C00196E99 /* UIGestureRecognizerEx.swift */; };
		608BFF9F1ECBEF5900196E99 /* UIViewEx.swift in Sources */ = {isa = PBXBuildFile; fileRef = 608BFF9E1ECBEF5900196E99 /* UIViewEx.swift */; };
		608BFFA21ECBF98300196E99 /* CustomKeyboard.storyboard in Resources */ = {isa = PBXBuildFile; fileRef = 608BFFA11ECBF98300196E99 /* CustomKeyboard.storyboard */; };
		608BFFAA1ECBF9CE00196E99 /* KeyboardViewController.swift in Sources */ = {isa = PBXBuildFile; fileRef = 608BFFA91ECBF9CE00196E99 /* KeyboardViewController.swift */; };
		608BFFAE1ECBF9CE00196E99 /* CustomKeyboard.appex in Embed App Extensions */ = {isa = PBXBuildFile; fileRef = 608BFFA71ECBF9CE00196E99 /* CustomKeyboard.appex */; settings = {ATTRIBUTES = (RemoveHeadersOnCopy, ); }; };
		60A38BE51EC3036900D63D7B /* DetectorViewController.swift in Sources */ = {isa = PBXBuildFile; fileRef = 60A38BE41EC3036900D63D7B /* DetectorViewController.swift */; };
		60A38BE71EC30D0D00D63D7B /* emotions.jpg in Resources */ = {isa = PBXBuildFile; fileRef = 60A38BE61EC30D0D00D63D7B /* emotions.jpg */; };
		60A38BEA1EC3119C00D63D7B /* coreimage.html in Resources */ = {isa = PBXBuildFile; fileRef = 60A38BE81EC3119C00D63D7B /* coreimage.html */; };
		60A38BEB1EC3119C00D63D7B /* detector.html in Resources */ = {isa = PBXBuildFile; fileRef = 60A38BE91EC3119C00D63D7B /* detector.html */; };
		60A38BF01EC418EE00D63D7B /* LocationViewController.swift in Sources */ = {isa = PBXBuildFile; fileRef = 60A38BEF1EC418EE00D63D7B /* LocationViewController.swift */; };
		60A38BF21EC418F700D63D7B /* Location.storyboard in Resources */ = {isa = PBXBuildFile; fileRef = 60A38BF11EC418F700D63D7B /* Location.storyboard */; };
		60A38BF41EC4390B00D63D7B /* LocationManager.swift in Sources */ = {isa = PBXBuildFile; fileRef = 60A38BF31EC4390B00D63D7B /* LocationManager.swift */; };
		60A53E8B1EB836B10012DD2D /* agate.css in Resources */ = {isa = PBXBuildFile; fileRef = 60A53E821EB836B10012DD2D /* agate.css */; };
		60A53E8C1EB836B10012DD2D /* airdrop.html in Resources */ = {isa = PBXBuildFile; fileRef = 60A53E831EB836B10012DD2D /* airdrop.html */; };
		60A53E8D1EB836B10012DD2D /* airdrop2.html in Resources */ = {isa = PBXBuildFile; fileRef = 60A53E841EB836B10012DD2D /* airdrop2.html */; };
		60A53E8E1EB836B10012DD2D /* alertc.html in Resources */ = {isa = PBXBuildFile; fileRef = 60A53E851EB836B10012DD2D /* alertc.html */; };
		60A53E8F1EB836B10012DD2D /* animationgesture.html in Resources */ = {isa = PBXBuildFile; fileRef = 60A53E861EB836B10012DD2D /* animationgesture.html */; };
		60A53E901EB836B10012DD2D /* animationquartzcore.html in Resources */ = {isa = PBXBuildFile; fileRef = 60A53E871EB836B10012DD2D /* animationquartzcore.html */; };
		60A53E911EB836B10012DD2D /* avfoundationqrcode.html in Resources */ = {isa = PBXBuildFile; fileRef = 60A53E881EB836B10012DD2D /* avfoundationqrcode.html */; };
		60A53E921EB836B10012DD2D /* highlight.pack.js in Resources */ = {isa = PBXBuildFile; fileRef = 60A53E891EB836B10012DD2D /* highlight.pack.js */; };
		60A53E931EB836B10012DD2D /* sourcecode.html in Resources */ = {isa = PBXBuildFile; fileRef = 60A53E8A1EB836B10012DD2D /* sourcecode.html */; };
		60A53E981EB839830012DD2D /* contactadd.html in Resources */ = {isa = PBXBuildFile; fileRef = 60A53E941EB839830012DD2D /* contactadd.html */; };
		60A53E991EB839830012DD2D /* contactdetail.html in Resources */ = {isa = PBXBuildFile; fileRef = 60A53E951EB839830012DD2D /* contactdetail.html */; };
		60A53E9A1EB839830012DD2D /* contactlist.html in Resources */ = {isa = PBXBuildFile; fileRef = 60A53E961EB839830012DD2D /* contactlist.html */; };
		60A53E9B1EB839830012DD2D /* templete.html in Resources */ = {isa = PBXBuildFile; fileRef = 60A53E971EB839830012DD2D /* templete.html */; };
		60A53EA91EB88A880012DD2D /* EventKit.framework in Frameworks */ = {isa = PBXBuildFile; fileRef = 60A53EA81EB88A880012DD2D /* EventKit.framework */; };
		60A53EAB1EB88AA80012DD2D /* Calendar.storyboard in Resources */ = {isa = PBXBuildFile; fileRef = 60A53EAA1EB88AA80012DD2D /* Calendar.storyboard */; };
		60A53EAD1EB88B720012DD2D /* CalendarViewController.swift in Sources */ = {isa = PBXBuildFile; fileRef = 60A53EAC1EB88B720012DD2D /* CalendarViewController.swift */; };
		60A53EB61EB97E1B0012DD2D /* calendar.html in Resources */ = {isa = PBXBuildFile; fileRef = 60A53EB51EB97E1B0012DD2D /* calendar.html */; };
		60A53EBA1EB982400012DD2D /* iBeacon.storyboard in Resources */ = {isa = PBXBuildFile; fileRef = 60A53EB91EB982400012DD2D /* iBeacon.storyboard */; };
		60A53EBC1EB9825B0012DD2D /* IBeaconViewController.swift in Sources */ = {isa = PBXBuildFile; fileRef = 60A53EBB1EB9825B0012DD2D /* IBeaconViewController.swift */; };
		60A53EC21EB982DB0012DD2D /* CoreLocation.framework in Frameworks */ = {isa = PBXBuildFile; fileRef = 60A53EC11EB982DB0012DD2D /* CoreLocation.framework */; };
		60A53EC41EB982EF0012DD2D /* CoreBluetooth.framework in Frameworks */ = {isa = PBXBuildFile; fileRef = 60A53EC31EB982EF0012DD2D /* CoreBluetooth.framework */; };
		60A53EC61EB9CD5E0012DD2D /* ibeacon.html in Resources */ = {isa = PBXBuildFile; fileRef = 60A53EC51EB9CD5E0012DD2D /* ibeacon.html */; };
		60A53ECD1EB9CE7B0012DD2D /* MultipeerConnectivity.framework in Frameworks */ = {isa = PBXBuildFile; fileRef = 60A53ECC1EB9CE7B0012DD2D /* MultipeerConnectivity.framework */; };
		60A53ED11EB9DCC90012DD2D /* ChatPeer2Peer.storyboard in Resources */ = {isa = PBXBuildFile; fileRef = 60A53ECF1EB9DCC90012DD2D /* ChatPeer2Peer.storyboard */; };
		60A53ED21EB9DCC90012DD2D /* ChatPeer2PeerViewController.swift in Sources */ = {isa = PBXBuildFile; fileRef = 60A53ED01EB9DCC90012DD2D /* ChatPeer2PeerViewController.swift */; };
		60A53ED41EB9DE490012DD2D /* chatpeer2peer.html in Resources */ = {isa = PBXBuildFile; fileRef = 60A53ED31EB9DE490012DD2D /* chatpeer2peer.html */; };
		60F8697C1ECD80A300F97128 /* CustomKeyboardViewController.swift in Sources */ = {isa = PBXBuildFile; fileRef = 60F8697B1ECD80A300F97128 /* CustomKeyboardViewController.swift */; };
		60F8697F1ECE9DCF00F97128 /* AppGuideViewController.swift in Sources */ = {isa = PBXBuildFile; fileRef = 60F8697E1ECE9DCF00F97128 /* AppGuideViewController.swift */; };
		60F869811ECE9E3300F97128 /* welcome0.png in Resources */ = {isa = PBXBuildFile; fileRef = 60F869801ECE9E3300F97128 /* welcome0.png */; };
		60F869831ECE9E5400F97128 /* welcome1.png in Resources */ = {isa = PBXBuildFile; fileRef = 60F869821ECE9E5400F97128 /* welcome1.png */; };
		60F869851ECE9E5A00F97128 /* welcome2.png in Resources */ = {isa = PBXBuildFile; fileRef = 60F869841ECE9E5A00F97128 /* welcome2.png */; };
		60F869871ECE9E6300F97128 /* welcome3.png in Resources */ = {isa = PBXBuildFile; fileRef = 60F869861ECE9E6300F97128 /* welcome3.png */; };
/* End PBXBuildFile section */

/* Begin PBXContainerItemProxy section */
		608BFFAC1ECBF9CE00196E99 /* PBXContainerItemProxy */ = {
			isa = PBXContainerItemProxy;
			containerPortal = 605DD4051EB2CB13001C873C /* Project object */;
			proxyType = 1;
			remoteGlobalIDString = 608BFFA61ECBF9CE00196E99;
			remoteInfo = CustomKeyboard;
		};
/* End PBXContainerItemProxy section */

/* Begin PBXCopyFilesBuildPhase section */
		608BFFB21ECBF9CE00196E99 /* Embed App Extensions */ = {
			isa = PBXCopyFilesBuildPhase;
			buildActionMask = 2147483647;
			dstPath = "";
			dstSubfolderSpec = 13;
			files = (
				608BFFAE1ECBF9CE00196E99 /* CustomKeyboard.appex in Embed App Extensions */,
			);
			name = "Embed App Extensions";
			runOnlyForDeploymentPostprocessing = 0;
		};
/* End PBXCopyFilesBuildPhase section */

/* Begin PBXFileReference section */
		412593391EC6A5D100DFEC81 /* EventKitUI.framework */ = {isa = PBXFileReference; lastKnownFileType = wrapper.framework; name = EventKitUI.framework; path = System/Library/Frameworks/EventKitUI.framework; sourceTree = SDKROOT; };
		4125933C1EC6AD9E00DFEC81 /* GestureForPhoto.storyboard */ = {isa = PBXFileReference; fileEncoding = 4; lastKnownFileType = file.storyboard; path = GestureForPhoto.storyboard; sourceTree = "<group>"; };
		4125933E1EC6ADB500DFEC81 /* GestureForPhotoViewController.swift */ = {isa = PBXFileReference; fileEncoding = 4; lastKnownFileType = sourcecode.swift; path = GestureForPhotoViewController.swift; sourceTree = "<group>"; };
		415B10CA1EB43CF300A95D27 /* SourceCodeEx.swift */ = {isa = PBXFileReference; fileEncoding = 4; lastKnownFileType = sourcecode.swift; path = SourceCodeEx.swift; sourceTree = "<group>"; };
		415B10CE1EB4468D00A95D27 /* UIBarButtonItemEx.swift */ = {isa = PBXFileReference; fileEncoding = 4; lastKnownFileType = sourcecode.swift; path = UIBarButtonItemEx.swift; sourceTree = "<group>"; };
		415B10D11EB58B5100A95D27 /* AVFoundationQRcode.storyboard */ = {isa = PBXFileReference; fileEncoding = 4; lastKnownFileType = file.storyboard; path = AVFoundationQRcode.storyboard; sourceTree = "<group>"; };
		415B10D31EB58B7C00A95D27 /* QRcodeViewController.swift */ = {isa = PBXFileReference; fileEncoding = 4; lastKnownFileType = sourcecode.swift; path = QRcodeViewController.swift; sourceTree = "<group>"; };
		415B10D51EB58C3900A95D27 /* AVFoundation.framework */ = {isa = PBXFileReference; lastKnownFileType = wrapper.framework; name = AVFoundation.framework; path = System/Library/Frameworks/AVFoundation.framework; sourceTree = SDKROOT; };
		415B10DE1EB5A5CD00A95D27 /* AlertC.storyboard */ = {isa = PBXFileReference; fileEncoding = 4; lastKnownFileType = file.storyboard; path = AlertC.storyboard; sourceTree = "<group>"; };
		415B10E01EB5A64B00A95D27 /* AlertViewController.swift */ = {isa = PBXFileReference; fileEncoding = 4; lastKnownFileType = sourcecode.swift; path = AlertViewController.swift; sourceTree = "<group>"; };
		41E59B9D1EBD63F30047BD27 /* WGridFlowLayout.swift */ = {isa = PBXFileReference; fileEncoding = 4; lastKnownFileType = sourcecode.swift; path = WGridFlowLayout.swift; sourceTree = "<group>"; };
		41E59B9F1EBDB72C0047BD27 /* collectionview.html */ = {isa = PBXFileReference; fileEncoding = 4; lastKnownFileType = text.html; path = collectionview.html; sourceTree = "<group>"; };
		41E59BA21EBDBCB50047BD27 /* CoreAnimation.storyboard */ = {isa = PBXFileReference; fileEncoding = 4; lastKnownFileType = file.storyboard; path = CoreAnimation.storyboard; sourceTree = "<group>"; };
		41E59BA41EBDBD680047BD27 /* CoreAnimationViewController.swift */ = {isa = PBXFileReference; fileEncoding = 4; lastKnownFileType = sourcecode.swift; path = CoreAnimationViewController.swift; sourceTree = "<group>"; };
		41E59BA71EBED4020047BD27 /* CoreDataViewController.swift */ = {isa = PBXFileReference; fileEncoding = 4; lastKnownFileType = sourcecode.swift; path = CoreDataViewController.swift; sourceTree = "<group>"; };
		41E59BA91EBED40D0047BD27 /* CoreData.storyboard */ = {isa = PBXFileReference; fileEncoding = 4; lastKnownFileType = file.storyboard; path = CoreData.storyboard; sourceTree = "<group>"; };
		41E59C0C1EBEDAB00047BD27 /* CoreData.framework */ = {isa = PBXFileReference; lastKnownFileType = wrapper.framework; name = CoreData.framework; path = System/Library/Frameworks/CoreData.framework; sourceTree = SDKROOT; };
		41E59C0E1EBEDAF10047BD27 /* CoreData.xcdatamodel */ = {isa = PBXFileReference; lastKnownFileType = wrapper.xcdatamodel; path = CoreData.xcdatamodel; sourceTree = "<group>"; };
		41E59C101EBEEC960047BD27 /* coreanimation.html */ = {isa = PBXFileReference; fileEncoding = 4; lastKnownFileType = text.html; path = coreanimation.html; sourceTree = "<group>"; };
		41E59C141EBF06E40047BD27 /* coredata.html */ = {isa = PBXFileReference; fileEncoding = 4; lastKnownFileType = text.html; path = coredata.html; sourceTree = "<group>"; };
		41E59C171EBF072C0047BD27 /* CoreImage.storyboard */ = {isa = PBXFileReference; fileEncoding = 4; lastKnownFileType = file.storyboard; path = CoreImage.storyboard; sourceTree = "<group>"; };
		41E59C191EBF07510047BD27 /* CoreImageViewController.swift */ = {isa = PBXFileReference; fileEncoding = 4; lastKnownFileType = sourcecode.swift; path = CoreImageViewController.swift; sourceTree = "<group>"; };
		41E59C1C1EBF3D730047BD27 /* heart.png */ = {isa = PBXFileReference; lastKnownFileType = image.png; path = heart.png; sourceTree = "<group>"; };
		41E59C201EBF3F5C0047BD27 /* walle.png */ = {isa = PBXFileReference; lastKnownFileType = image.png; path = walle.png; sourceTree = "<group>"; };
		41EB26841EB5B8EA00480186 /* AnimationQuartzCore.storyboard */ = {isa = PBXFileReference; fileEncoding = 4; lastKnownFileType = file.storyboard; path = AnimationQuartzCore.storyboard; sourceTree = "<group>"; };
		41EB26861EB5B95500480186 /* AnimationQuartzCoreViewController.swift */ = {isa = PBXFileReference; fileEncoding = 4; lastKnownFileType = sourcecode.swift; path = AnimationQuartzCoreViewController.swift; sourceTree = "<group>"; };
		41EB26881EB5BECF00480186 /* QuartzCore.framework */ = {isa = PBXFileReference; lastKnownFileType = wrapper.framework; name = QuartzCore.framework; path = System/Library/Frameworks/QuartzCore.framework; sourceTree = SDKROOT; };
		41EB268D1EB5CBCA00480186 /* AnimationGestureViewController.swift */ = {isa = PBXFileReference; fileEncoding = 4; lastKnownFileType = sourcecode.swift; path = AnimationGestureViewController.swift; sourceTree = "<group>"; };
		41EB268F1EB5CBD700480186 /* AnimationGesture.storyboard */ = {isa = PBXFileReference; fileEncoding = 4; lastKnownFileType = file.storyboard; path = AnimationGesture.storyboard; sourceTree = "<group>"; };
		41EB26941EB5D8D100480186 /* BasicAgenda.storyboard */ = {isa = PBXFileReference; fileEncoding = 4; lastKnownFileType = file.storyboard; path = BasicAgenda.storyboard; sourceTree = "<group>"; };
		41EB26961EB5DB9B00480186 /* ContactListViewController.swift */ = {isa = PBXFileReference; fileEncoding = 4; lastKnownFileType = sourcecode.swift; path = ContactListViewController.swift; sourceTree = "<group>"; };
		41EB26981EB5DBAB00480186 /* ContactDetailViewController.swift */ = {isa = PBXFileReference; fileEncoding = 4; lastKnownFileType = sourcecode.swift; path = ContactDetailViewController.swift; sourceTree = "<group>"; };
		41EB269A1EB5DBC800480186 /* ContactAddViewController.swift */ = {isa = PBXFileReference; fileEncoding = 4; lastKnownFileType = sourcecode.swift; path = ContactAddViewController.swift; sourceTree = "<group>"; };
		41EB269D1EBD5F8C00480186 /* CollectionView.storyboard */ = {isa = PBXFileReference; fileEncoding = 4; lastKnownFileType = file.storyboard; path = CollectionView.storyboard; sourceTree = "<group>"; };
		41EB269F1EBD5FA000480186 /* CollectionViewController.swift */ = {isa = PBXFileReference; fileEncoding = 4; lastKnownFileType = sourcecode.swift; path = CollectionViewController.swift; sourceTree = "<group>"; };
		605DD40D1EB2CB13001C873C /* SwiftCase.app */ = {isa = PBXFileReference; explicitFileType = wrapper.application; includeInIndex = 0; path = SwiftCase.app; sourceTree = BUILT_PRODUCTS_DIR; };
		605DD4101EB2CB13001C873C /* AppDelegate.swift */ = {isa = PBXFileReference; lastKnownFileType = sourcecode.swift; path = AppDelegate.swift; sourceTree = "<group>"; };
		605DD4121EB2CB13001C873C /* ViewController.swift */ = {isa = PBXFileReference; lastKnownFileType = sourcecode.swift; path = ViewController.swift; sourceTree = "<group>"; };
		605DD4151EB2CB13001C873C /* Base */ = {isa = PBXFileReference; lastKnownFileType = file.storyboard; name = Base; path = Base.lproj/Main.storyboard; sourceTree = "<group>"; };
		605DD4171EB2CB13001C873C /* Assets.xcassets */ = {isa = PBXFileReference; lastKnownFileType = folder.assetcatalog; path = Assets.xcassets; sourceTree = "<group>"; };
		605DD41A1EB2CB13001C873C /* Base */ = {isa = PBXFileReference; lastKnownFileType = file.storyboard; name = Base; path = Base.lproj/LaunchScreen.storyboard; sourceTree = "<group>"; };
		605DD41C1EB2CB13001C873C /* Info.plist */ = {isa = PBXFileReference; lastKnownFileType = text.plist.xml; path = Info.plist; sourceTree = "<group>"; };
		605DD4231EB2CDED001C873C /* ProjectList.plist */ = {isa = PBXFileReference; fileEncoding = 4; lastKnownFileType = text.plist.xml; path = ProjectList.plist; sourceTree = "<group>"; };
		605DD4271EB2D68E001C873C /* AirdropViewController.swift */ = {isa = PBXFileReference; fileEncoding = 4; lastKnownFileType = sourcecode.swift; path = AirdropViewController.swift; sourceTree = "<group>"; };
		605DD4291EB2D6B8001C873C /* AirdropURLViewController.swift */ = {isa = PBXFileReference; fileEncoding = 4; lastKnownFileType = sourcecode.swift; path = AirdropURLViewController.swift; sourceTree = "<group>"; };
		605DD42B1EB2D71C001C873C /* Airdrop.storyboard */ = {isa = PBXFileReference; fileEncoding = 4; lastKnownFileType = file.storyboard; path = Airdrop.storyboard; sourceTree = "<group>"; };
		605DD4A51EB3404D001C873C /* SourceCodeViewController.swift */ = {isa = PBXFileReference; fileEncoding = 4; lastKnownFileType = sourcecode.swift; path = SourceCodeViewController.swift; sourceTree = "<group>"; };
		605DD4A91EB3413E001C873C /* WebKit.framework */ = {isa = PBXFileReference; lastKnownFileType = wrapper.framework; name = WebKit.framework; path = System/Library/Frameworks/WebKit.framework; sourceTree = SDKROOT; };
		605DD4AB1EB34147001C873C /* MediaPlayer.framework */ = {isa = PBXFileReference; lastKnownFileType = wrapper.framework; name = MediaPlayer.framework; path = System/Library/Frameworks/MediaPlayer.framework; sourceTree = SDKROOT; };
		608BFF9C1ECBEF4C00196E99 /* UIGestureRecognizerEx.swift */ = {isa = PBXFileReference; fileEncoding = 4; lastKnownFileType = sourcecode.swift; path = UIGestureRecognizerEx.swift; sourceTree = "<group>"; };
		608BFF9E1ECBEF5900196E99 /* UIViewEx.swift */ = {isa = PBXFileReference; fileEncoding = 4; lastKnownFileType = sourcecode.swift; path = UIViewEx.swift; sourceTree = "<group>"; };
		608BFFA11ECBF98300196E99 /* CustomKeyboard.storyboard */ = {isa = PBXFileReference; fileEncoding = 4; lastKnownFileType = file.storyboard; path = CustomKeyboard.storyboard; sourceTree = "<group>"; };
		608BFFA71ECBF9CE00196E99 /* CustomKeyboard.appex */ = {isa = PBXFileReference; explicitFileType = "wrapper.app-extension"; includeInIndex = 0; path = CustomKeyboard.appex; sourceTree = BUILT_PRODUCTS_DIR; };
		608BFFA91ECBF9CE00196E99 /* KeyboardViewController.swift */ = {isa = PBXFileReference; lastKnownFileType = sourcecode.swift; path = KeyboardViewController.swift; sourceTree = "<group>"; };
		608BFFAB1ECBF9CE00196E99 /* Info.plist */ = {isa = PBXFileReference; lastKnownFileType = text.plist.xml; path = Info.plist; sourceTree = "<group>"; };
		608BFFB51ECBFFDC00196E99 /* 分类扩展.playground */ = {isa = PBXFileReference; lastKnownFileType = file.playground; path = "分类扩展.playground"; sourceTree = "<group>"; };
		608BFFB61ECBFFDC00196E99 /* 可选值.playground */ = {isa = PBXFileReference; lastKnownFileType = file.playground; path = "可选值.playground"; sourceTree = "<group>"; };
		608BFFB71ECBFFDC00196E99 /* 面向对象.playground */ = {isa = PBXFileReference; lastKnownFileType = file.playground; path = "面向对象.playground"; sourceTree = "<group>"; };
		608BFFB81ECBFFDC00196E99 /* 循环语句.playground */ = {isa = PBXFileReference; lastKnownFileType = file.playground; path = "循环语句.playground"; sourceTree = "<group>"; };
		608BFFB91ECBFFDC00196E99 /* 异常处理.playground */ = {isa = PBXFileReference; lastKnownFileType = file.playground; path = "异常处理.playground"; sourceTree = "<group>"; };
		608BFFBA1ECBFFDC00196E99 /* 元组Tuple.playground */ = {isa = PBXFileReference; lastKnownFileType = file.playground; path = "元组Tuple.playground"; sourceTree = "<group>"; };
		608BFFBB1ECBFFDC00196E99 /* 运算符.playground */ = {isa = PBXFileReference; lastKnownFileType = file.playground; path = "运算符.playground"; sourceTree = "<group>"; };
		608BFFBC1ECBFFDC00196E99 /* 值类型&引用类型.playground */ = {isa = PBXFileReference; lastKnownFileType = file.playground; path = "值类型&引用类型.playground"; sourceTree = "<group>"; };
		608BFFBD1ECBFFDC00196E99 /* Array.playground */ = {isa = PBXFileReference; lastKnownFileType = file.playground; path = Array.playground; sourceTree = "<group>"; };
		608BFFBE1ECBFFDC00196E99 /* Assert.playground */ = {isa = PBXFileReference; lastKnownFileType = file.playground; path = Assert.playground; sourceTree = "<group>"; };
		608BFFBF1ECBFFDC00196E99 /* class属性.playground */ = {isa = PBXFileReference; lastKnownFileType = file.playground; path = "class属性.playground"; sourceTree = "<group>"; };
		608BFFC01ECBFFDC00196E99 /* DataType.playground */ = {isa = PBXFileReference; lastKnownFileType = file.playground; path = DataType.playground; sourceTree = "<group>"; };
		608BFFC11ECBFFDC00196E99 /* deinit&ARC.playground */ = {isa = PBXFileReference; lastKnownFileType = file.playground; path = "deinit&ARC.playground"; sourceTree = "<group>"; };
		608BFFC21ECBFFDC00196E99 /* Dictionary.playground */ = {isa = PBXFileReference; lastKnownFileType = file.playground; path = Dictionary.playground; sourceTree = "<group>"; };
		608BFFC31ECBFFDC00196E99 /* enum枚举.playground */ = {isa = PBXFileReference; lastKnownFileType = file.playground; path = "enum枚举.playground"; sourceTree = "<group>"; };
		608BFFC41ECBFFDC00196E99 /* function.playground */ = {isa = PBXFileReference; lastKnownFileType = file.playground; path = function.playground; sourceTree = "<group>"; };
		608BFFC51ECBFFDC00196E99 /* init初始化.playground */ = {isa = PBXFileReference; lastKnownFileType = file.playground; path = "init初始化.playground"; sourceTree = "<group>"; };
		608BFFC61ECBFFDC00196E99 /* protocol.playground */ = {isa = PBXFileReference; lastKnownFileType = file.playground; path = protocol.playground; sourceTree = "<group>"; };
		608BFFC71ECBFFDC00196E99 /* Set.playground */ = {isa = PBXFileReference; lastKnownFileType = file.playground; path = Set.playground; sourceTree = "<group>"; };
		608BFFC81ECBFFDC00196E99 /* Sort排序.playground */ = {isa = PBXFileReference; lastKnownFileType = file.playground; path = "Sort排序.playground"; sourceTree = "<group>"; };
		608BFFC91ECBFFDC00196E99 /* Struct&Class.playground */ = {isa = PBXFileReference; lastKnownFileType = file.playground; path = "Struct&Class.playground"; sourceTree = "<group>"; };
		608BFFCA1ECBFFDC00196E99 /* var&let.playground */ = {isa = PBXFileReference; lastKnownFileType = file.playground; path = "var&let.playground"; sourceTree = "<group>"; };
		608BFFCB1ECC004E00196E99 /* 01_basic_swift.playground */ = {isa = PBXFileReference; lastKnownFileType = file.playground; path = 01_basic_swift.playground; sourceTree = "<group>"; };
		608BFFCC1ECC004E00196E99 /* 02_Optional.playground */ = {isa = PBXFileReference; lastKnownFileType = file.playground; path = 02_Optional.playground; sourceTree = "<group>"; };
		608BFFCD1ECC004E00196E99 /* 03_function.playground */ = {isa = PBXFileReference; lastKnownFileType = file.playground; path = 03_function.playground; sourceTree = "<group>"; };
		608BFFCE1ECC004F00196E99 /* 04_closure.playground */ = {isa = PBXFileReference; lastKnownFileType = file.playground; path = 04_closure.playground; sourceTree = "<group>"; };
		608BFFCF1ECC004F00196E99 /* 04_enum.playground */ = {isa = PBXFileReference; lastKnownFileType = file.playground; path = 04_enum.playground; sourceTree = "<group>"; };
		608BFFD01ECC004F00196E99 /* 05_generic.playground */ = {isa = PBXFileReference; lastKnownFileType = file.playground; path = 05_generic.playground; sourceTree = "<group>"; };
		608BFFD11ECC004F00196E99 /* 05_struct.playground */ = {isa = PBXFileReference; lastKnownFileType = file.playground; path = 05_struct.playground; sourceTree = "<group>"; };
		608BFFD21ECC004F00196E99 /* 05_subscript.playground */ = {isa = PBXFileReference; lastKnownFileType = file.playground; path = 05_subscript.playground; sourceTree = "<group>"; };
		608BFFD31ECC006500196E99 /* 01_basic_swift.playground */ = {isa = PBXFileReference; lastKnownFileType = file.playground; path = 01_basic_swift.playground; sourceTree = "<group>"; };
		608BFFD41ECC006500196E99 /* 02_Optional.playground */ = {isa = PBXFileReference; lastKnownFileType = file.playground; path = 02_Optional.playground; sourceTree = "<group>"; };
		608BFFD51ECC006500196E99 /* 03_function.playground */ = {isa = PBXFileReference; lastKnownFileType = file.playground; path = 03_function.playground; sourceTree = "<group>"; };
		608BFFD61ECC006500196E99 /* 04_closure.playground */ = {isa = PBXFileReference; lastKnownFileType = file.playground; path = 04_closure.playground; sourceTree = "<group>"; };
		608BFFD71ECC006500196E99 /* 04_enum.playground */ = {isa = PBXFileReference; lastKnownFileType = file.playground; path = 04_enum.playground; sourceTree = "<group>"; };
		608BFFD81ECC006500196E99 /* 05_generic.playground */ = {isa = PBXFileReference; lastKnownFileType = file.playground; path = 05_generic.playground; sourceTree = "<group>"; };
		608BFFD91ECC006500196E99 /* 05_struct.playground */ = {isa = PBXFileReference; lastKnownFileType = file.playground; path = 05_struct.playground; sourceTree = "<group>"; };
		608BFFDA1ECC006500196E99 /* 05_subscript.playground */ = {isa = PBXFileReference; lastKnownFileType = file.playground; path = 05_subscript.playground; sourceTree = "<group>"; };
		60A38BE41EC3036900D63D7B /* DetectorViewController.swift */ = {isa = PBXFileReference; fileEncoding = 4; lastKnownFileType = sourcecode.swift; path = DetectorViewController.swift; sourceTree = "<group>"; };
		60A38BE61EC30D0D00D63D7B /* emotions.jpg */ = {isa = PBXFileReference; lastKnownFileType = image.jpeg; path = emotions.jpg; sourceTree = "<group>"; };
		60A38BE81EC3119C00D63D7B /* coreimage.html */ = {isa = PBXFileReference; fileEncoding = 4; lastKnownFileType = text.html; path = coreimage.html; sourceTree = "<group>"; };
		60A38BE91EC3119C00D63D7B /* detector.html */ = {isa = PBXFileReference; fileEncoding = 4; lastKnownFileType = text.html; path = detector.html; sourceTree = "<group>"; };
		60A38BEF1EC418EE00D63D7B /* LocationViewController.swift */ = {isa = PBXFileReference; fileEncoding = 4; lastKnownFileType = sourcecode.swift; path = LocationViewController.swift; sourceTree = "<group>"; };
		60A38BF11EC418F700D63D7B /* Location.storyboard */ = {isa = PBXFileReference; fileEncoding = 4; lastKnownFileType = file.storyboard; path = Location.storyboard; sourceTree = "<group>"; };
		60A38BF31EC4390B00D63D7B /* LocationManager.swift */ = {isa = PBXFileReference; fileEncoding = 4; lastKnownFileType = sourcecode.swift; path = LocationManager.swift; sourceTree = "<group>"; };
		60A53E821EB836B10012DD2D /* agate.css */ = {isa = PBXFileReference; fileEncoding = 4; lastKnownFileType = text.css; path = agate.css; sourceTree = "<group>"; };
		60A53E831EB836B10012DD2D /* airdrop.html */ = {isa = PBXFileReference; fileEncoding = 4; lastKnownFileType = text.html; path = airdrop.html; sourceTree = "<group>"; };
		60A53E841EB836B10012DD2D /* airdrop2.html */ = {isa = PBXFileReference; fileEncoding = 4; lastKnownFileType = text.html; path = airdrop2.html; sourceTree = "<group>"; };
		60A53E851EB836B10012DD2D /* alertc.html */ = {isa = PBXFileReference; fileEncoding = 4; lastKnownFileType = text.html; path = alertc.html; sourceTree = "<group>"; };
		60A53E861EB836B10012DD2D /* animationgesture.html */ = {isa = PBXFileReference; fileEncoding = 4; lastKnownFileType = text.html; path = animationgesture.html; sourceTree = "<group>"; };
		60A53E871EB836B10012DD2D /* animationquartzcore.html */ = {isa = PBXFileReference; fileEncoding = 4; lastKnownFileType = text.html; path = animationquartzcore.html; sourceTree = "<group>"; };
		60A53E881EB836B10012DD2D /* avfoundationqrcode.html */ = {isa = PBXFileReference; fileEncoding = 4; lastKnownFileType = text.html; path = avfoundationqrcode.html; sourceTree = "<group>"; };
		60A53E891EB836B10012DD2D /* highlight.pack.js */ = {isa = PBXFileReference; fileEncoding = 4; lastKnownFileType = sourcecode.javascript; path = highlight.pack.js; sourceTree = "<group>"; };
		60A53E8A1EB836B10012DD2D /* sourcecode.html */ = {isa = PBXFileReference; fileEncoding = 4; lastKnownFileType = text.html; path = sourcecode.html; sourceTree = "<group>"; };
		60A53E941EB839830012DD2D /* contactadd.html */ = {isa = PBXFileReference; fileEncoding = 4; lastKnownFileType = text.html; path = contactadd.html; sourceTree = "<group>"; };
		60A53E951EB839830012DD2D /* contactdetail.html */ = {isa = PBXFileReference; fileEncoding = 4; lastKnownFileType = text.html; path = contactdetail.html; sourceTree = "<group>"; };
		60A53E961EB839830012DD2D /* contactlist.html */ = {isa = PBXFileReference; fileEncoding = 4; lastKnownFileType = text.html; path = contactlist.html; sourceTree = "<group>"; };
		60A53E971EB839830012DD2D /* templete.html */ = {isa = PBXFileReference; fileEncoding = 4; lastKnownFileType = text.html; path = templete.html; sourceTree = "<group>"; };
		60A53EA81EB88A880012DD2D /* EventKit.framework */ = {isa = PBXFileReference; lastKnownFileType = wrapper.framework; name = EventKit.framework; path = System/Library/Frameworks/EventKit.framework; sourceTree = SDKROOT; };
		60A53EAA1EB88AA80012DD2D /* Calendar.storyboard */ = {isa = PBXFileReference; fileEncoding = 4; lastKnownFileType = file.storyboard; path = Calendar.storyboard; sourceTree = "<group>"; };
		60A53EAC1EB88B720012DD2D /* CalendarViewController.swift */ = {isa = PBXFileReference; fileEncoding = 4; lastKnownFileType = sourcecode.swift; path = CalendarViewController.swift; sourceTree = "<group>"; };
		60A53EB51EB97E1B0012DD2D /* calendar.html */ = {isa = PBXFileReference; fileEncoding = 4; lastKnownFileType = text.html; path = calendar.html; sourceTree = "<group>"; };
		60A53EB91EB982400012DD2D /* iBeacon.storyboard */ = {isa = PBXFileReference; fileEncoding = 4; lastKnownFileType = file.storyboard; path = iBeacon.storyboard; sourceTree = "<group>"; };
		60A53EBB1EB9825B0012DD2D /* IBeaconViewController.swift */ = {isa = PBXFileReference; fileEncoding = 4; lastKnownFileType = sourcecode.swift; path = IBeaconViewController.swift; sourceTree = "<group>"; };
		60A53EC11EB982DB0012DD2D /* CoreLocation.framework */ = {isa = PBXFileReference; lastKnownFileType = wrapper.framework; name = CoreLocation.framework; path = System/Library/Frameworks/CoreLocation.framework; sourceTree = SDKROOT; };
		60A53EC31EB982EF0012DD2D /* CoreBluetooth.framework */ = {isa = PBXFileReference; lastKnownFileType = wrapper.framework; name = CoreBluetooth.framework; path = System/Library/Frameworks/CoreBluetooth.framework; sourceTree = SDKROOT; };
		60A53EC51EB9CD5E0012DD2D /* ibeacon.html */ = {isa = PBXFileReference; fileEncoding = 4; lastKnownFileType = text.html; path = ibeacon.html; sourceTree = "<group>"; };
		60A53ECC1EB9CE7B0012DD2D /* MultipeerConnectivity.framework */ = {isa = PBXFileReference; lastKnownFileType = wrapper.framework; name = MultipeerConnectivity.framework; path = System/Library/Frameworks/MultipeerConnectivity.framework; sourceTree = SDKROOT; };
		60A53ECF1EB9DCC90012DD2D /* ChatPeer2Peer.storyboard */ = {isa = PBXFileReference; fileEncoding = 4; lastKnownFileType = file.storyboard; path = ChatPeer2Peer.storyboard; sourceTree = "<group>"; };
		60A53ED01EB9DCC90012DD2D /* ChatPeer2PeerViewController.swift */ = {isa = PBXFileReference; fileEncoding = 4; lastKnownFileType = sourcecode.swift; path = ChatPeer2PeerViewController.swift; sourceTree = "<group>"; };
		60A53ED31EB9DE490012DD2D /* chatpeer2peer.html */ = {isa = PBXFileReference; fileEncoding = 4; lastKnownFileType = text.html; path = chatpeer2peer.html; sourceTree = "<group>"; };
		60F8697B1ECD80A300F97128 /* CustomKeyboardViewController.swift */ = {isa = PBXFileReference; fileEncoding = 4; lastKnownFileType = sourcecode.swift; path = CustomKeyboardViewController.swift; sourceTree = "<group>"; };
		60F8697E1ECE9DCF00F97128 /* AppGuideViewController.swift */ = {isa = PBXFileReference; fileEncoding = 4; lastKnownFileType = sourcecode.swift; path = AppGuideViewController.swift; sourceTree = "<group>"; };
		60F869801ECE9E3300F97128 /* welcome0.png */ = {isa = PBXFileReference; lastKnownFileType = image.png; path = welcome0.png; sourceTree = "<group>"; };
		60F869821ECE9E5400F97128 /* welcome1.png */ = {isa = PBXFileReference; lastKnownFileType = image.png; path = welcome1.png; sourceTree = "<group>"; };
		60F869841ECE9E5A00F97128 /* welcome2.png */ = {isa = PBXFileReference; lastKnownFileType = image.png; path = welcome2.png; sourceTree = "<group>"; };
		60F869861ECE9E6300F97128 /* welcome3.png */ = {isa = PBXFileReference; lastKnownFileType = image.png; path = welcome3.png; sourceTree = "<group>"; };
/* End PBXFileReference section */

/* Begin PBXFrameworksBuildPhase section */
		605DD40A1EB2CB13001C873C /* Frameworks */ = {
			isa = PBXFrameworksBuildPhase;
			buildActionMask = 2147483647;
			files = (
				60A53EC21EB982DB0012DD2D /* CoreLocation.framework in Frameworks */,
				4125933A1EC6A5D100DFEC81 /* EventKitUI.framework in Frameworks */,
				41E59C0D1EBEDAB00047BD27 /* CoreData.framework in Frameworks */,
				60A53ECD1EB9CE7B0012DD2D /* MultipeerConnectivity.framework in Frameworks */,
				60A53EC41EB982EF0012DD2D /* CoreBluetooth.framework in Frameworks */,
				60A53EA91EB88A880012DD2D /* EventKit.framework in Frameworks */,
				41EB26891EB5BECF00480186 /* QuartzCore.framework in Frameworks */,
				415B10D61EB58C3900A95D27 /* AVFoundation.framework in Frameworks */,
				605DD4AC1EB34147001C873C /* MediaPlayer.framework in Frameworks */,
				605DD4AA1EB3413E001C873C /* WebKit.framework in Frameworks */,
			);
			runOnlyForDeploymentPostprocessing = 0;
		};
		608BFFA41ECBF9CE00196E99 /* Frameworks */ = {
			isa = PBXFrameworksBuildPhase;
			buildActionMask = 2147483647;
			files = (
			);
			runOnlyForDeploymentPostprocessing = 0;
		};
/* End PBXFrameworksBuildPhase section */

/* Begin PBXGroup section */
		4125933B1EC6AD8E00DFEC81 /* GestureForPhoto */ = {
			isa = PBXGroup;
			children = (
				4125933C1EC6AD9E00DFEC81 /* GestureForPhoto.storyboard */,
				4125933E1EC6ADB500DFEC81 /* GestureForPhotoViewController.swift */,
			);
			path = GestureForPhoto;
			sourceTree = "<group>";
		};
		415B10C91EB43CA000A95D27 /* Util */ = {
			isa = PBXGroup;
			children = (
				415B10CA1EB43CF300A95D27 /* SourceCodeEx.swift */,
				415B10CE1EB4468D00A95D27 /* UIBarButtonItemEx.swift */,
				608BFF9C1ECBEF4C00196E99 /* UIGestureRecognizerEx.swift */,
				608BFF9E1ECBEF5900196E99 /* UIViewEx.swift */,
			);
			path = Util;
			sourceTree = "<group>";
		};
		415B10D01EB58A9600A95D27 /* AVFoundationQRcode */ = {
			isa = PBXGroup;
			children = (
				415B10D11EB58B5100A95D27 /* AVFoundationQRcode.storyboard */,
				415B10D31EB58B7C00A95D27 /* QRcodeViewController.swift */,
			);
			path = AVFoundationQRcode;
			sourceTree = "<group>";
		};
		415B10DD1EB5A58A00A95D27 /* AlertC */ = {
			isa = PBXGroup;
			children = (
				415B10DE1EB5A5CD00A95D27 /* AlertC.storyboard */,
				415B10E01EB5A64B00A95D27 /* AlertViewController.swift */,
			);
			path = AlertC;
			sourceTree = "<group>";
		};
		41E59BA11EBDBC9F0047BD27 /* CoreAnimation */ = {
			isa = PBXGroup;
			children = (
				41E59BA21EBDBCB50047BD27 /* CoreAnimation.storyboard */,
				41E59BA41EBDBD680047BD27 /* CoreAnimationViewController.swift */,
			);
			path = CoreAnimation;
			sourceTree = "<group>";
		};
		41E59BA61EBED3C60047BD27 /* CoreData */ = {
			isa = PBXGroup;
			children = (
				41E59BA71EBED4020047BD27 /* CoreDataViewController.swift */,
				41E59BA91EBED40D0047BD27 /* CoreData.storyboard */,
			);
			path = CoreData;
			sourceTree = "<group>";
		};
		41E59C161EBF071C0047BD27 /* CoreImage */ = {
			isa = PBXGroup;
			children = (
				41E59C171EBF072C0047BD27 /* CoreImage.storyboard */,
				41E59C191EBF07510047BD27 /* CoreImageViewController.swift */,
				60A38BE41EC3036900D63D7B /* DetectorViewController.swift */,
			);
			path = CoreImage;
			sourceTree = "<group>";
		};
		41E59C1B1EBF3D560047BD27 /* image */ = {
			isa = PBXGroup;
			children = (
				60F869861ECE9E6300F97128 /* welcome3.png */,
				60F869841ECE9E5A00F97128 /* welcome2.png */,
				60F869821ECE9E5400F97128 /* welcome1.png */,
				60F869801ECE9E3300F97128 /* welcome0.png */,
				60A38BE61EC30D0D00D63D7B /* emotions.jpg */,
				41E59C201EBF3F5C0047BD27 /* walle.png */,
				41E59C1C1EBF3D730047BD27 /* heart.png */,
			);
			path = image;
			sourceTree = "<group>";
		};
		41EB26831EB5B8A000480186 /* AnimationQuartzCore */ = {
			isa = PBXGroup;
			children = (
				41EB26841EB5B8EA00480186 /* AnimationQuartzCore.storyboard */,
				41EB26861EB5B95500480186 /* AnimationQuartzCoreViewController.swift */,
			);
			path = AnimationQuartzCore;
			sourceTree = "<group>";
		};
		41EB268C1EB5CBBA00480186 /* AnimationGesture */ = {
			isa = PBXGroup;
			children = (
				41EB268D1EB5CBCA00480186 /* AnimationGestureViewController.swift */,
				41EB268F1EB5CBD700480186 /* AnimationGesture.storyboard */,
			);
			path = AnimationGesture;
			sourceTree = "<group>";
		};
		41EB26931EB5D8BF00480186 /* BasicAgenda */ = {
			isa = PBXGroup;
			children = (
				41EB26941EB5D8D100480186 /* BasicAgenda.storyboard */,
				41EB26961EB5DB9B00480186 /* ContactListViewController.swift */,
				41EB26981EB5DBAB00480186 /* ContactDetailViewController.swift */,
				41EB269A1EB5DBC800480186 /* ContactAddViewController.swift */,
			);
			path = BasicAgenda;
			sourceTree = "<group>";
		};
		41EB269C1EBD5F7A00480186 /* CollectionView */ = {
			isa = PBXGroup;
			children = (
				41EB269D1EBD5F8C00480186 /* CollectionView.storyboard */,
				41EB269F1EBD5FA000480186 /* CollectionViewController.swift */,
				41E59B9D1EBD63F30047BD27 /* WGridFlowLayout.swift */,
			);
			path = CollectionView;
			sourceTree = "<group>";
		};
		605DD4041EB2CB13001C873C = {
			isa = PBXGroup;
			children = (
				605DD40F1EB2CB13001C873C /* SwiftCase */,
				608BFFA81ECBF9CE00196E99 /* CustomKeyboard */,
				605DD40E1EB2CB13001C873C /* Products */,
				605DD42F1EB2D90B001C873C /* Frameworks */,
			);
			sourceTree = "<group>";
		};
		605DD40E1EB2CB13001C873C /* Products */ = {
			isa = PBXGroup;
			children = (
				605DD40D1EB2CB13001C873C /* SwiftCase.app */,
				608BFFA71ECBF9CE00196E99 /* CustomKeyboard.appex */,
			);
			name = Products;
			sourceTree = "<group>";
		};
		605DD40F1EB2CB13001C873C /* SwiftCase */ = {
			isa = PBXGroup;
			children = (
				605DD4251EB2CE65001C873C /* List */,
				605DD4221EB2CDDA001C873C /* Resource */,
				415B10C91EB43CA000A95D27 /* Util */,
				605DD4101EB2CB13001C873C /* AppDelegate.swift */,
				605DD4121EB2CB13001C873C /* ViewController.swift */,
				605DD4141EB2CB13001C873C /* Main.storyboard */,
				605DD4171EB2CB13001C873C /* Assets.xcassets */,
				605DD4191EB2CB13001C873C /* LaunchScreen.storyboard */,
				605DD41C1EB2CB13001C873C /* Info.plist */,
				41E59C0E1EBEDAF10047BD27 /* CoreData.xcdatamodel */,
			);
			path = SwiftCase;
			sourceTree = "<group>";
		};
		605DD4221EB2CDDA001C873C /* Resource */ = {
			isa = PBXGroup;
			children = (
				41E59C1B1EBF3D560047BD27 /* image */,
				60A53E811EB836B10012DD2D /* www */,
				605DD4231EB2CDED001C873C /* ProjectList.plist */,
			);
			path = Resource;
			sourceTree = "<group>";
		};
		605DD4251EB2CE65001C873C /* List */ = {
			isa = PBXGroup;
			children = (
				60F8697D1ECE9D9400F97128 /* AppGuidePage */,
				608BFFA01ECBF96A00196E99 /* CustomKeyboard */,
				4125933B1EC6AD8E00DFEC81 /* GestureForPhoto */,
				60A38BEE1EC418CA00D63D7B /* CoreLocation */,
				41E59C161EBF071C0047BD27 /* CoreImage */,
				41E59BA61EBED3C60047BD27 /* CoreData */,
				41E59BA11EBDBC9F0047BD27 /* CoreAnimation */,
				41EB269C1EBD5F7A00480186 /* CollectionView */,
				60A53ECE1EB9DCC90012DD2D /* ChatPeer2Peer */,
				60A53EB81EB9822E0012DD2D /* iBeacon */,
				60A53EA71EB88A7D0012DD2D /* Calendar */,
				41EB26931EB5D8BF00480186 /* BasicAgenda */,
				41EB268C1EB5CBBA00480186 /* AnimationGesture */,
				41EB26831EB5B8A000480186 /* AnimationQuartzCore */,
				415B10DD1EB5A58A00A95D27 /* AlertC */,
				415B10D01EB58A9600A95D27 /* AVFoundationQRcode */,
				605DD4A41EB34010001C873C /* SourceCode */,
				605DD4261EB2CE7A001C873C /* Airdrop */,
				608BFFB31ECBFF7A00196E99 /* Swift3.0-Playground */,
				608BFFB41ECBFF7A00196E99 /* Swift2.2-Playground */,
			);
			path = List;
			sourceTree = "<group>";
		};
		605DD4261EB2CE7A001C873C /* Airdrop */ = {
			isa = PBXGroup;
			children = (
				605DD4271EB2D68E001C873C /* AirdropViewController.swift */,
				605DD4291EB2D6B8001C873C /* AirdropURLViewController.swift */,
				605DD42B1EB2D71C001C873C /* Airdrop.storyboard */,
			);
			path = Airdrop;
			sourceTree = "<group>";
		};
		605DD42F1EB2D90B001C873C /* Frameworks */ = {
			isa = PBXGroup;
			children = (
				412593391EC6A5D100DFEC81 /* EventKitUI.framework */,
				41E59C0C1EBEDAB00047BD27 /* CoreData.framework */,
				60A53ECC1EB9CE7B0012DD2D /* MultipeerConnectivity.framework */,
				60A53EC31EB982EF0012DD2D /* CoreBluetooth.framework */,
				60A53EC11EB982DB0012DD2D /* CoreLocation.framework */,
				60A53EA81EB88A880012DD2D /* EventKit.framework */,
				41EB26881EB5BECF00480186 /* QuartzCore.framework */,
				415B10D51EB58C3900A95D27 /* AVFoundation.framework */,
				605DD4AB1EB34147001C873C /* MediaPlayer.framework */,
				605DD4A91EB3413E001C873C /* WebKit.framework */,
			);
			name = Frameworks;
			sourceTree = "<group>";
		};
		605DD4A41EB34010001C873C /* SourceCode */ = {
			isa = PBXGroup;
			children = (
				605DD4A51EB3404D001C873C /* SourceCodeViewController.swift */,
			);
			path = SourceCode;
			sourceTree = "<group>";
		};
		608BFFA01ECBF96A00196E99 /* CustomKeyboard */ = {
			isa = PBXGroup;
			children = (
				608BFFA11ECBF98300196E99 /* CustomKeyboard.storyboard */,
				60F8697B1ECD80A300F97128 /* CustomKeyboardViewController.swift */,
			);
			path = CustomKeyboard;
			sourceTree = "<group>";
		};
		608BFFA81ECBF9CE00196E99 /* CustomKeyboard */ = {
			isa = PBXGroup;
			children = (
				608BFFA91ECBF9CE00196E99 /* KeyboardViewController.swift */,
				608BFFAB1ECBF9CE00196E99 /* Info.plist */,
			);
			path = CustomKeyboard;
			sourceTree = "<group>";
		};
		608BFFB31ECBFF7A00196E99 /* Swift3.0-Playground */ = {
			isa = PBXGroup;
			children = (
				608BFFD31ECC006500196E99 /* 01_basic_swift.playground */,
				608BFFD41ECC006500196E99 /* 02_Optional.playground */,
				608BFFD51ECC006500196E99 /* 03_function.playground */,
				608BFFD61ECC006500196E99 /* 04_closure.playground */,
				608BFFD71ECC006500196E99 /* 04_enum.playground */,
				608BFFD81ECC006500196E99 /* 05_generic.playground */,
				608BFFD91ECC006500196E99 /* 05_struct.playground */,
				608BFFDA1ECC006500196E99 /* 05_subscript.playground */,
				608BFFCB1ECC004E00196E99 /* 01_basic_swift.playground */,
				608BFFCC1ECC004E00196E99 /* 02_Optional.playground */,
				608BFFCD1ECC004E00196E99 /* 03_function.playground */,
				608BFFCE1ECC004F00196E99 /* 04_closure.playground */,
				608BFFCF1ECC004F00196E99 /* 04_enum.playground */,
				608BFFD01ECC004F00196E99 /* 05_generic.playground */,
				608BFFD11ECC004F00196E99 /* 05_struct.playground */,
				608BFFD21ECC004F00196E99 /* 05_subscript.playground */,
			);
			path = "Swift3.0-Playground";
			sourceTree = "<group>";
		};
		608BFFB41ECBFF7A00196E99 /* Swift2.2-Playground */ = {
			isa = PBXGroup;
			children = (
				608BFFB51ECBFFDC00196E99 /* 分类扩展.playground */,
				608BFFB61ECBFFDC00196E99 /* 可选值.playground */,
				608BFFB71ECBFFDC00196E99 /* 面向对象.playground */,
				608BFFB81ECBFFDC00196E99 /* 循环语句.playground */,
				608BFFB91ECBFFDC00196E99 /* 异常处理.playground */,
				608BFFBA1ECBFFDC00196E99 /* 元组Tuple.playground */,
				608BFFBB1ECBFFDC00196E99 /* 运算符.playground */,
				608BFFBC1ECBFFDC00196E99 /* 值类型&引用类型.playground */,
				608BFFBD1ECBFFDC00196E99 /* Array.playground */,
				608BFFBE1ECBFFDC00196E99 /* Assert.playground */,
				608BFFBF1ECBFFDC00196E99 /* class属性.playground */,
				608BFFC01ECBFFDC00196E99 /* DataType.playground */,
				608BFFC11ECBFFDC00196E99 /* deinit&ARC.playground */,
				608BFFC21ECBFFDC00196E99 /* Dictionary.playground */,
				608BFFC31ECBFFDC00196E99 /* enum枚举.playground */,
				608BFFC41ECBFFDC00196E99 /* function.playground */,
				608BFFC51ECBFFDC00196E99 /* init初始化.playground */,
				608BFFC61ECBFFDC00196E99 /* protocol.playground */,
				608BFFC71ECBFFDC00196E99 /* Set.playground */,
				608BFFC81ECBFFDC00196E99 /* Sort排序.playground */,
				608BFFC91ECBFFDC00196E99 /* Struct&Class.playground */,
				608BFFCA1ECBFFDC00196E99 /* var&let.playground */,
			);
			path = "Swift2.2-Playground";
			sourceTree = "<group>";
		};
		60A38BEE1EC418CA00D63D7B /* CoreLocation */ = {
			isa = PBXGroup;
			children = (
				60A38BEF1EC418EE00D63D7B /* LocationViewController.swift */,
				60A38BF11EC418F700D63D7B /* Location.storyboard */,
				60A38BF31EC4390B00D63D7B /* LocationManager.swift */,
			);
			path = CoreLocation;
			sourceTree = "<group>";
		};
		60A53E811EB836B10012DD2D /* www */ = {
			isa = PBXGroup;
			children = (
				60A38BE81EC3119C00D63D7B /* coreimage.html */,
				60A38BE91EC3119C00D63D7B /* detector.html */,
				41E59C141EBF06E40047BD27 /* coredata.html */,
				41E59C101EBEEC960047BD27 /* coreanimation.html */,
				41E59B9F1EBDB72C0047BD27 /* collectionview.html */,
				60A53ED31EB9DE490012DD2D /* chatpeer2peer.html */,
				60A53EC51EB9CD5E0012DD2D /* ibeacon.html */,
				60A53EB51EB97E1B0012DD2D /* calendar.html */,
				60A53E941EB839830012DD2D /* contactadd.html */,
				60A53E951EB839830012DD2D /* contactdetail.html */,
				60A53E961EB839830012DD2D /* contactlist.html */,
				60A53E971EB839830012DD2D /* templete.html */,
				60A53E831EB836B10012DD2D /* airdrop.html */,
				60A53E841EB836B10012DD2D /* airdrop2.html */,
				60A53E851EB836B10012DD2D /* alertc.html */,
				60A53E861EB836B10012DD2D /* animationgesture.html */,
				60A53E871EB836B10012DD2D /* animationquartzcore.html */,
				60A53E881EB836B10012DD2D /* avfoundationqrcode.html */,
				60A53E8A1EB836B10012DD2D /* sourcecode.html */,
				60A53E821EB836B10012DD2D /* agate.css */,
				60A53E891EB836B10012DD2D /* highlight.pack.js */,
			);
			path = www;
			sourceTree = "<group>";
		};
		60A53EA71EB88A7D0012DD2D /* Calendar */ = {
			isa = PBXGroup;
			children = (
				60A53EAA1EB88AA80012DD2D /* Calendar.storyboard */,
				60A53EAC1EB88B720012DD2D /* CalendarViewController.swift */,
			);
			path = Calendar;
			sourceTree = "<group>";
		};
		60A53EB81EB9822E0012DD2D /* iBeacon */ = {
			isa = PBXGroup;
			children = (
				60A53EB91EB982400012DD2D /* iBeacon.storyboard */,
				60A53EBB1EB9825B0012DD2D /* IBeaconViewController.swift */,
			);
			path = iBeacon;
			sourceTree = "<group>";
		};
		60A53ECE1EB9DCC90012DD2D /* ChatPeer2Peer */ = {
			isa = PBXGroup;
			children = (
				60A53ECF1EB9DCC90012DD2D /* ChatPeer2Peer.storyboard */,
				60A53ED01EB9DCC90012DD2D /* ChatPeer2PeerViewController.swift */,
			);
			path = ChatPeer2Peer;
			sourceTree = "<group>";
		};
		60F8697D1ECE9D9400F97128 /* AppGuidePage */ = {
			isa = PBXGroup;
			children = (
				60F8697E1ECE9DCF00F97128 /* AppGuideViewController.swift */,
			);
			path = AppGuidePage;
			sourceTree = "<group>";
		};
/* End PBXGroup section */

/* Begin PBXNativeTarget section */
		605DD40C1EB2CB13001C873C /* SwiftCase */ = {
			isa = PBXNativeTarget;
			buildConfigurationList = 605DD41F1EB2CB13001C873C /* Build configuration list for PBXNativeTarget "SwiftCase" */;
			buildPhases = (
				605DD4091EB2CB13001C873C /* Sources */,
				605DD40A1EB2CB13001C873C /* Frameworks */,
				605DD40B1EB2CB13001C873C /* Resources */,
				608BFFB21ECBF9CE00196E99 /* Embed App Extensions */,
			);
			buildRules = (
			);
			dependencies = (
				608BFFAD1ECBF9CE00196E99 /* PBXTargetDependency */,
			);
			name = SwiftCase;
			productName = SwiftCase;
			productReference = 605DD40D1EB2CB13001C873C /* SwiftCase.app */;
			productType = "com.apple.product-type.application";
		};
		608BFFA61ECBF9CE00196E99 /* CustomKeyboard */ = {
			isa = PBXNativeTarget;
			buildConfigurationList = 608BFFAF1ECBF9CE00196E99 /* Build configuration list for PBXNativeTarget "CustomKeyboard" */;
			buildPhases = (
				608BFFA31ECBF9CE00196E99 /* Sources */,
				608BFFA41ECBF9CE00196E99 /* Frameworks */,
				608BFFA51ECBF9CE00196E99 /* Resources */,
			);
			buildRules = (
			);
			dependencies = (
			);
			name = CustomKeyboard;
			productName = CustomKeyboard;
			productReference = 608BFFA71ECBF9CE00196E99 /* CustomKeyboard.appex */;
			productType = "com.apple.product-type.app-extension";
		};
/* End PBXNativeTarget section */

/* Begin PBXProject section */
		605DD4051EB2CB13001C873C /* Project object */ = {
			isa = PBXProject;
			attributes = {
				LastSwiftUpdateCheck = 0830;
				LastUpgradeCheck = 0830;
				ORGANIZATIONNAME = Shepherd;
				TargetAttributes = {
					605DD40C1EB2CB13001C873C = {
						CreatedOnToolsVersion = 8.3;
						DevelopmentTeam = UD5YK4KV23;
						ProvisioningStyle = Automatic;
					};
					608BFFA61ECBF9CE00196E99 = {
						CreatedOnToolsVersion = 8.3;
						DevelopmentTeam = UD5YK4KV23;
						ProvisioningStyle = Automatic;
					};
				};
			};
			buildConfigurationList = 605DD4081EB2CB13001C873C /* Build configuration list for PBXProject "SwiftCase" */;
			compatibilityVersion = "Xcode 3.2";
			developmentRegion = English;
			hasScannedForEncodings = 0;
			knownRegions = (
				en,
				Base,
			);
			mainGroup = 605DD4041EB2CB13001C873C;
			productRefGroup = 605DD40E1EB2CB13001C873C /* Products */;
			projectDirPath = "";
			projectRoot = "";
			targets = (
				605DD40C1EB2CB13001C873C /* SwiftCase */,
				608BFFA61ECBF9CE00196E99 /* CustomKeyboard */,
			);
		};
/* End PBXProject section */

/* Begin PBXResourcesBuildPhase section */
		605DD40B1EB2CB13001C873C /* Resources */ = {
			isa = PBXResourcesBuildPhase;
			buildActionMask = 2147483647;
			files = (
				605DD41B1EB2CB13001C873C /* LaunchScreen.storyboard in Resources */,
				60A53E8E1EB836B10012DD2D /* alertc.html in Resources */,
				41EB26951EB5D8D100480186 /* BasicAgenda.storyboard in Resources */,
				41E59C151EBF06E40047BD27 /* coredata.html in Resources */,
				60A53EC61EB9CD5E0012DD2D /* ibeacon.html in Resources */,
				60A53E8B1EB836B10012DD2D /* agate.css in Resources */,
				415B10DF1EB5A5CD00A95D27 /* AlertC.storyboard in Resources */,
				41EB26901EB5CBD700480186 /* AnimationGesture.storyboard in Resources */,
				41E59C1D1EBF3D730047BD27 /* heart.png in Resources */,
				60A53E931EB836B10012DD2D /* sourcecode.html in Resources */,
				60A53E8D1EB836B10012DD2D /* airdrop2.html in Resources */,
				60A53E9B1EB839830012DD2D /* templete.html in Resources */,
				60A53ED11EB9DCC90012DD2D /* ChatPeer2Peer.storyboard in Resources */,
				60A38BEA1EC3119C00D63D7B /* coreimage.html in Resources */,
				41E59C211EBF3F5C0047BD27 /* walle.png in Resources */,
				60A53E8F1EB836B10012DD2D /* animationgesture.html in Resources */,
				41EB26851EB5B8EA00480186 /* AnimationQuartzCore.storyboard in Resources */,
				60A38BEB1EC3119C00D63D7B /* detector.html in Resources */,
				605DD4181EB2CB13001C873C /* Assets.xcassets in Resources */,
				60A53EAB1EB88AA80012DD2D /* Calendar.storyboard in Resources */,
				605DD4241EB2CDED001C873C /* ProjectList.plist in Resources */,
				60A53EBA1EB982400012DD2D /* iBeacon.storyboard in Resources */,
				41E59BAA1EBED40D0047BD27 /* CoreData.storyboard in Resources */,
				60A53ED41EB9DE490012DD2D /* chatpeer2peer.html in Resources */,
				60A53E991EB839830012DD2D /* contactdetail.html in Resources */,
				41E59BA01EBDB72C0047BD27 /* collectionview.html in Resources */,
				60A53E921EB836B10012DD2D /* highlight.pack.js in Resources */,
				605DD4161EB2CB13001C873C /* Main.storyboard in Resources */,
				605DD42C1EB2D71C001C873C /* Airdrop.storyboard in Resources */,
				415B10D21EB58B5100A95D27 /* AVFoundationQRcode.storyboard in Resources */,
				41E59BA31EBDBCB50047BD27 /* CoreAnimation.storyboard in Resources */,
				60A53E911EB836B10012DD2D /* avfoundationqrcode.html in Resources */,
				60A53EB61EB97E1B0012DD2D /* calendar.html in Resources */,
				60A53E8C1EB836B10012DD2D /* airdrop.html in Resources */,
				60A53E981EB839830012DD2D /* contactadd.html in Resources */,
				41E59C181EBF072C0047BD27 /* CoreImage.storyboard in Resources */,
				60F869851ECE9E5A00F97128 /* welcome2.png in Resources */,
				41EB269E1EBD5F8C00480186 /* CollectionView.storyboard in Resources */,
				60F869831ECE9E5400F97128 /* welcome1.png in Resources */,
				60A53E9A1EB839830012DD2D /* contactlist.html in Resources */,
				60A38BE71EC30D0D00D63D7B /* emotions.jpg in Resources */,
				60A38BF21EC418F700D63D7B /* Location.storyboard in Resources */,
				608BFFA21ECBF98300196E99 /* CustomKeyboard.storyboard in Resources */,
				41E59C111EBEEC960047BD27 /* coreanimation.html in Resources */,
				4125933D1EC6AD9E00DFEC81 /* GestureForPhoto.storyboard in Resources */,
				60A53E901EB836B10012DD2D /* animationquartzcore.html in Resources */,
				60F869811ECE9E3300F97128 /* welcome0.png in Resources */,
				60F869871ECE9E6300F97128 /* welcome3.png in Resources */,
			);
			runOnlyForDeploymentPostprocessing = 0;
		};
		608BFFA51ECBF9CE00196E99 /* Resources */ = {
			isa = PBXResourcesBuildPhase;
			buildActionMask = 2147483647;
			files = (
			);
			runOnlyForDeploymentPostprocessing = 0;
		};
/* End PBXResourcesBuildPhase section */

/* Begin PBXSourcesBuildPhase section */
		605DD4091EB2CB13001C873C /* Sources */ = {
			isa = PBXSourcesBuildPhase;
			buildActionMask = 2147483647;
			files = (
				41EB26A01EBD5FA000480186 /* CollectionViewController.swift in Sources */,
				60A53EAD1EB88B720012DD2D /* CalendarViewController.swift in Sources */,
				605DD42A1EB2D6B8001C873C /* AirdropURLViewController.swift in Sources */,
				41E59BA81EBED4020047BD27 /* CoreDataViewController.swift in Sources */,
				41E59C1A1EBF07510047BD27 /* CoreImageViewController.swift in Sources */,
				4125933F1EC6ADB500DFEC81 /* GestureForPhotoViewController.swift in Sources */,
				41EB26871EB5B95500480186 /* AnimationQuartzCoreViewController.swift in Sources */,
				41EB268E1EB5CBCA00480186 /* AnimationGestureViewController.swift in Sources */,
				605DD4A61EB3404D001C873C /* SourceCodeViewController.swift in Sources */,
				60A38BE51EC3036900D63D7B /* DetectorViewController.swift in Sources */,
				415B10D41EB58B7C00A95D27 /* QRcodeViewController.swift in Sources */,
				60A38BF01EC418EE00D63D7B /* LocationViewController.swift in Sources */,
				60F8697F1ECE9DCF00F97128 /* AppGuideViewController.swift in Sources */,
				60A53EBC1EB9825B0012DD2D /* IBeaconViewController.swift in Sources */,
				60A38BF41EC4390B00D63D7B /* LocationManager.swift in Sources */,
				608BFF9F1ECBEF5900196E99 /* UIViewEx.swift in Sources */,
				41E59C0F1EBEDAF10047BD27 /* CoreData.xcdatamodel in Sources */,
				41E59BA51EBDBD680047BD27 /* CoreAnimationViewController.swift in Sources */,
				41EB26971EB5DB9B00480186 /* ContactListViewController.swift in Sources */,
				415B10CB1EB43CF300A95D27 /* SourceCodeEx.swift in Sources */,
				415B10E11EB5A64B00A95D27 /* AlertViewController.swift in Sources */,
				41EB26991EB5DBAB00480186 /* ContactDetailViewController.swift in Sources */,
				608BFF9D1ECBEF4C00196E99 /* UIGestureRecognizerEx.swift in Sources */,
				41E59B9E1EBD63F30047BD27 /* WGridFlowLayout.swift in Sources */,
				605DD4131EB2CB13001C873C /* ViewController.swift in Sources */,
				60F8697C1ECD80A300F97128 /* CustomKeyboardViewController.swift in Sources */,
				605DD4281EB2D68E001C873C /* AirdropViewController.swift in Sources */,
				415B10CF1EB4468D00A95D27 /* UIBarButtonItemEx.swift in Sources */,
				60A53ED21EB9DCC90012DD2D /* ChatPeer2PeerViewController.swift in Sources */,
				605DD4111EB2CB13001C873C /* AppDelegate.swift in Sources */,
				41EB269B1EB5DBC800480186 /* ContactAddViewController.swift in Sources */,
			);
			runOnlyForDeploymentPostprocessing = 0;
		};
		608BFFA31ECBF9CE00196E99 /* Sources */ = {
			isa = PBXSourcesBuildPhase;
			buildActionMask = 2147483647;
			files = (
				608BFFAA1ECBF9CE00196E99 /* KeyboardViewController.swift in Sources */,
			);
			runOnlyForDeploymentPostprocessing = 0;
		};
/* End PBXSourcesBuildPhase section */

/* Begin PBXTargetDependency section */
		608BFFAD1ECBF9CE00196E99 /* PBXTargetDependency */ = {
			isa = PBXTargetDependency;
			target = 608BFFA61ECBF9CE00196E99 /* CustomKeyboard */;
			targetProxy = 608BFFAC1ECBF9CE00196E99 /* PBXContainerItemProxy */;
		};
/* End PBXTargetDependency section */

/* Begin PBXVariantGroup section */
		605DD4141EB2CB13001C873C /* Main.storyboard */ = {
			isa = PBXVariantGroup;
			children = (
				605DD4151EB2CB13001C873C /* Base */,
			);
			name = Main.storyboard;
			sourceTree = "<group>";
		};
		605DD4191EB2CB13001C873C /* LaunchScreen.storyboard */ = {
			isa = PBXVariantGroup;
			children = (
				605DD41A1EB2CB13001C873C /* Base */,
			);
			name = LaunchScreen.storyboard;
			sourceTree = "<group>";
		};
/* End PBXVariantGroup section */

/* Begin XCBuildConfiguration section */
		605DD41D1EB2CB13001C873C /* Debug */ = {
			isa = XCBuildConfiguration;
			buildSettings = {
				ALWAYS_SEARCH_USER_PATHS = NO;
				CLANG_ANALYZER_NONNULL = YES;
				CLANG_ANALYZER_NUMBER_OBJECT_CONVERSION = YES_AGGRESSIVE;
				CLANG_CXX_LANGUAGE_STANDARD = "gnu++0x";
				CLANG_CXX_LIBRARY = "libc++";
				CLANG_ENABLE_MODULES = YES;
				CLANG_ENABLE_OBJC_ARC = YES;
				CLANG_WARN_BOOL_CONVERSION = YES;
				CLANG_WARN_CONSTANT_CONVERSION = YES;
				CLANG_WARN_DIRECT_OBJC_ISA_USAGE = YES_ERROR;
				CLANG_WARN_DOCUMENTATION_COMMENTS = YES;
				CLANG_WARN_EMPTY_BODY = YES;
				CLANG_WARN_ENUM_CONVERSION = YES;
				CLANG_WARN_INFINITE_RECURSION = YES;
				CLANG_WARN_INT_CONVERSION = YES;
				CLANG_WARN_OBJC_ROOT_CLASS = YES_ERROR;
				CLANG_WARN_SUSPICIOUS_MOVE = YES;
				CLANG_WARN_UNREACHABLE_CODE = YES;
				CLANG_WARN__DUPLICATE_METHOD_MATCH = YES;
				"CODE_SIGN_IDENTITY[sdk=iphoneos*]" = "iPhone Developer";
				COPY_PHASE_STRIP = NO;
				DEBUG_INFORMATION_FORMAT = dwarf;
				ENABLE_STRICT_OBJC_MSGSEND = YES;
				ENABLE_TESTABILITY = YES;
				GCC_C_LANGUAGE_STANDARD = gnu99;
				GCC_DYNAMIC_NO_PIC = NO;
				GCC_NO_COMMON_BLOCKS = YES;
				GCC_OPTIMIZATION_LEVEL = 0;
				GCC_PREPROCESSOR_DEFINITIONS = (
					"DEBUG=1",
					"$(inherited)",
				);
				GCC_WARN_64_TO_32_BIT_CONVERSION = YES;
				GCC_WARN_ABOUT_RETURN_TYPE = YES_ERROR;
				GCC_WARN_UNDECLARED_SELECTOR = YES;
				GCC_WARN_UNINITIALIZED_AUTOS = YES_AGGRESSIVE;
				GCC_WARN_UNUSED_FUNCTION = YES;
				GCC_WARN_UNUSED_VARIABLE = YES;
				IPHONEOS_DEPLOYMENT_TARGET = 10.3;
				MTL_ENABLE_DEBUG_INFO = YES;
				ONLY_ACTIVE_ARCH = YES;
				SDKROOT = iphoneos;
				SWIFT_ACTIVE_COMPILATION_CONDITIONS = DEBUG;
				SWIFT_OPTIMIZATION_LEVEL = "-Onone";
			};
			name = Debug;
		};
		605DD41E1EB2CB13001C873C /* Release */ = {
			isa = XCBuildConfiguration;
			buildSettings = {
				ALWAYS_SEARCH_USER_PATHS = NO;
				CLANG_ANALYZER_NONNULL = YES;
				CLANG_ANALYZER_NUMBER_OBJECT_CONVERSION = YES_AGGRESSIVE;
				CLANG_CXX_LANGUAGE_STANDARD = "gnu++0x";
				CLANG_CXX_LIBRARY = "libc++";
				CLANG_ENABLE_MODULES = YES;
				CLANG_ENABLE_OBJC_ARC = YES;
				CLANG_WARN_BOOL_CONVERSION = YES;
				CLANG_WARN_CONSTANT_CONVERSION = YES;
				CLANG_WARN_DIRECT_OBJC_ISA_USAGE = YES_ERROR;
				CLANG_WARN_DOCUMENTATION_COMMENTS = YES;
				CLANG_WARN_EMPTY_BODY = YES;
				CLANG_WARN_ENUM_CONVERSION = YES;
				CLANG_WARN_INFINITE_RECURSION = YES;
				CLANG_WARN_INT_CONVERSION = YES;
				CLANG_WARN_OBJC_ROOT_CLASS = YES_ERROR;
				CLANG_WARN_SUSPICIOUS_MOVE = YES;
				CLANG_WARN_UNREACHABLE_CODE = YES;
				CLANG_WARN__DUPLICATE_METHOD_MATCH = YES;
				"CODE_SIGN_IDENTITY[sdk=iphoneos*]" = "iPhone Developer";
				COPY_PHASE_STRIP = NO;
				DEBUG_INFORMATION_FORMAT = "dwarf-with-dsym";
				ENABLE_NS_ASSERTIONS = NO;
				ENABLE_STRICT_OBJC_MSGSEND = YES;
				GCC_C_LANGUAGE_STANDARD = gnu99;
				GCC_NO_COMMON_BLOCKS = YES;
				GCC_WARN_64_TO_32_BIT_CONVERSION = YES;
				GCC_WARN_ABOUT_RETURN_TYPE = YES_ERROR;
				GCC_WARN_UNDECLARED_SELECTOR = YES;
				GCC_WARN_UNINITIALIZED_AUTOS = YES_AGGRESSIVE;
				GCC_WARN_UNUSED_FUNCTION = YES;
				GCC_WARN_UNUSED_VARIABLE = YES;
				IPHONEOS_DEPLOYMENT_TARGET = 10.3;
				MTL_ENABLE_DEBUG_INFO = NO;
				SDKROOT = iphoneos;
				SWIFT_OPTIMIZATION_LEVEL = "-Owholemodule";
				VALIDATE_PRODUCT = YES;
			};
			name = Release;
		};
		605DD4201EB2CB13001C873C /* Debug */ = {
			isa = XCBuildConfiguration;
			buildSettings = {
				ALWAYS_EMBED_SWIFT_STANDARD_LIBRARIES = YES;
				ASSETCATALOG_COMPILER_APPICON_NAME = AppIcon;
				"CODE_SIGN_IDENTITY[sdk=iphoneos*]" = "iPhone Developer";
				DEVELOPMENT_TEAM = UD5YK4KV23;
				INFOPLIST_FILE = SwiftCase/Info.plist;
				IPHONEOS_DEPLOYMENT_TARGET = 10.0;
				LD_RUNPATH_SEARCH_PATHS = "$(inherited) @executable_path/Frameworks";
				PRODUCT_BUNDLE_IDENTIFIER = com.shepherd.SwiftCase;
				PRODUCT_NAME = "$(TARGET_NAME)";
				PROVISIONING_PROFILE_SPECIFIER = "";
				SWIFT_VERSION = 3.0;
			};
			name = Debug;
		};
		605DD4211EB2CB13001C873C /* Release */ = {
			isa = XCBuildConfiguration;
			buildSettings = {
				ALWAYS_EMBED_SWIFT_STANDARD_LIBRARIES = YES;
				ASSETCATALOG_COMPILER_APPICON_NAME = AppIcon;
				"CODE_SIGN_IDENTITY[sdk=iphoneos*]" = "iPhone Developer";
				DEVELOPMENT_TEAM = UD5YK4KV23;
				INFOPLIST_FILE = SwiftCase/Info.plist;
				IPHONEOS_DEPLOYMENT_TARGET = 10.0;
				LD_RUNPATH_SEARCH_PATHS = "$(inherited) @executable_path/Frameworks";
				PRODUCT_BUNDLE_IDENTIFIER = com.shepherd.SwiftCase;
				PRODUCT_NAME = "$(TARGET_NAME)";
				PROVISIONING_PROFILE_SPECIFIER = "";
				SWIFT_VERSION = 3.0;
			};
			name = Release;
		};
		608BFFB01ECBF9CE00196E99 /* Debug */ = {
			isa = XCBuildConfiguration;
			buildSettings = {
				DEVELOPMENT_TEAM = UD5YK4KV23;
				INFOPLIST_FILE = CustomKeyboard/Info.plist;
				IPHONEOS_DEPLOYMENT_TARGET = 10.0;
				LD_RUNPATH_SEARCH_PATHS = "$(inherited) @executable_path/Frameworks @executable_path/../../Frameworks";
				PRODUCT_BUNDLE_IDENTIFIER = com.shepherd.SwiftCase.CustomKeyboard;
				PRODUCT_NAME = "$(TARGET_NAME)";
				SKIP_INSTALL = YES;
				SWIFT_VERSION = 3.0;
			};
			name = Debug;
		};
		608BFFB11ECBF9CE00196E99 /* Release */ = {
			isa = XCBuildConfiguration;
			buildSettings = {
				DEVELOPMENT_TEAM = UD5YK4KV23;
				INFOPLIST_FILE = CustomKeyboard/Info.plist;
				IPHONEOS_DEPLOYMENT_TARGET = 10.0;
				LD_RUNPATH_SEARCH_PATHS = "$(inherited) @executable_path/Frameworks @executable_path/../../Frameworks";
				PRODUCT_BUNDLE_IDENTIFIER = com.shepherd.SwiftCase.CustomKeyboard;
				PRODUCT_NAME = "$(TARGET_NAME)";
				SKIP_INSTALL = YES;
				SWIFT_VERSION = 3.0;
			};
			name = Release;
		};
/* End XCBuildConfiguration section */

/* Begin XCConfigurationList section */
		605DD4081EB2CB13001C873C /* Build configuration list for PBXProject "SwiftCase" */ = {
			isa = XCConfigurationList;
			buildConfigurations = (
				605DD41D1EB2CB13001C873C /* Debug */,
				605DD41E1EB2CB13001C873C /* Release */,
			);
			defaultConfigurationIsVisible = 0;
			defaultConfigurationName = Release;
		};
		605DD41F1EB2CB13001C873C /* Build configuration list for PBXNativeTarget "SwiftCase" */ = {
			isa = XCConfigurationList;
			buildConfigurations = (
				605DD4201EB2CB13001C873C /* Debug */,
				605DD4211EB2CB13001C873C /* Release */,
			);
			defaultConfigurationIsVisible = 0;
			defaultConfigurationName = Release;
		};
		608BFFAF1ECBF9CE00196E99 /* Build configuration list for PBXNativeTarget "CustomKeyboard" */ = {
			isa = XCConfigurationList;
			buildConfigurations = (
				608BFFB01ECBF9CE00196E99 /* Debug */,
				608BFFB11ECBF9CE00196E99 /* Release */,
			);
			defaultConfigurationIsVisible = 0;
			defaultConfigurationName = Release;
		};
/* End XCConfigurationList section */
	};
	rootObject = 605DD4051EB2CB13001C873C /* Project object */;
}
