// !$*UTF8*$!
{
	archiveVersion = 1;
	classes = {
	};
	objectVersion = 46;
	objects = {

/* Begin PBXBuildFile section */
		415B10CB1EB43CF300A95D27 /* SourceCodeEx.swift in Sources */ = {isa = PBXBuildFile; fileRef = 415B10CA1EB43CF300A95D27 /* SourceCodeEx.swift */; };
		415B10CF1EB4468D00A95D27 /* UIBarButtonItemEx.swift in Sources */ = {isa = PBXBuildFile; fileRef = 415B10CE1EB4468D00A95D27 /* UIBarButtonItemEx.swift */; };
		415B10D21EB58B5100A95D27 /* AVFoundationQRcode.storyboard in Resources */ = {isa = PBXBuildFile; fileRef = 415B10D11EB58B5100A95D27 /* AVFoundationQRcode.storyboard */; };
		415B10D41EB58B7C00A95D27 /* QRcodeViewController.swift in Sources */ = {isa = PBXBuildFile; fileRef = 415B10D31EB58B7C00A95D27 /* QRcodeViewController.swift */; };
		415B10D61EB58C3900A95D27 /* AVFoundation.framework in Frameworks */ = {isa = PBXBuildFile; fileRef = 415B10D51EB58C3900A95D27 /* AVFoundation.framework */; };
		415B10DF1EB5A5CD00A95D27 /* AlertC.storyboard in Resources */ = {isa = PBXBuildFile; fileRef = 415B10DE1EB5A5CD00A95D27 /* AlertC.storyboard */; };
		415B10E11EB5A64B00A95D27 /* AlertViewController.swift in Sources */ = {isa = PBXBuildFile; fileRef = 415B10E01EB5A64B00A95D27 /* AlertViewController.swift */; };
		41E59B9E1EBD63F30047BD27 /* WGridFlowLayout.swift in Sources */ = {isa = PBXBuildFile; fileRef = 41E59B9D1EBD63F30047BD27 /* WGridFlowLayout.swift */; };
		41E59BA01EBDB72C0047BD27 /* collectionview.html in Resources */ = {isa = PBXBuildFile; fileRef = 41E59B9F1EBDB72C0047BD27 /* collectionview.html */; };
		41E59BA31EBDBCB50047BD27 /* CoreAnimation.storyboard in Resources */ = {isa = PBXBuildFile; fileRef = 41E59BA21EBDBCB50047BD27 /* CoreAnimation.storyboard */; };
		41E59BA51EBDBD680047BD27 /* CoreAnimationViewController.swift in Sources */ = {isa = PBXBuildFile; fileRef = 41E59BA41EBDBD680047BD27 /* CoreAnimationViewController.swift */; };
		41EB26851EB5B8EA00480186 /* AnimationQuartzCore.storyboard in Resources */ = {isa = PBXBuildFile; fileRef = 41EB26841EB5B8EA00480186 /* AnimationQuartzCore.storyboard */; };
		41EB26871EB5B95500480186 /* AnimationQuartzCoreViewController.swift in Sources */ = {isa = PBXBuildFile; fileRef = 41EB26861EB5B95500480186 /* AnimationQuartzCoreViewController.swift */; };
		41EB26891EB5BECF00480186 /* QuartzCore.framework in Frameworks */ = {isa = PBXBuildFile; fileRef = 41EB26881EB5BECF00480186 /* QuartzCore.framework */; };
		41EB268E1EB5CBCA00480186 /* AnimationGestureViewController.swift in Sources */ = {isa = PBXBuildFile; fileRef = 41EB268D1EB5CBCA00480186 /* AnimationGestureViewController.swift */; };
		41EB26901EB5CBD700480186 /* AnimationGesture.storyboard in Resources */ = {isa = PBXBuildFile; fileRef = 41EB268F1EB5CBD700480186 /* AnimationGesture.storyboard */; };
		41EB26951EB5D8D100480186 /* BasicAgenda.storyboard in Resources */ = {isa = PBXBuildFile; fileRef = 41EB26941EB5D8D100480186 /* BasicAgenda.storyboard */; };
		41EB26971EB5DB9B00480186 /* ContactListViewController.swift in Sources */ = {isa = PBXBuildFile; fileRef = 41EB26961EB5DB9B00480186 /* ContactListViewController.swift */; };
		41EB26991EB5DBAB00480186 /* ContactDetailViewController.swift in Sources */ = {isa = PBXBuildFile; fileRef = 41EB26981EB5DBAB00480186 /* ContactDetailViewController.swift */; };
		41EB269B1EB5DBC800480186 /* ContactAddViewController.swift in Sources */ = {isa = PBXBuildFile; fileRef = 41EB269A1EB5DBC800480186 /* ContactAddViewController.swift */; };
		41EB269E1EBD5F8C00480186 /* CollectionView.storyboard in Resources */ = {isa = PBXBuildFile; fileRef = 41EB269D1EBD5F8C00480186 /* CollectionView.storyboard */; };
		41EB26A01EBD5FA000480186 /* CollectionViewController.swift in Sources */ = {isa = PBXBuildFile; fileRef = 41EB269F1EBD5FA000480186 /* CollectionViewController.swift */; };
		605DD4111EB2CB13001C873C /* AppDelegate.swift in Sources */ = {isa = PBXBuildFile; fileRef = 605DD4101EB2CB13001C873C /* AppDelegate.swift */; };
		605DD4131EB2CB13001C873C /* ViewController.swift in Sources */ = {isa = PBXBuildFile; fileRef = 605DD4121EB2CB13001C873C /* ViewController.swift */; };
		605DD4161EB2CB13001C873C /* Main.storyboard in Resources */ = {isa = PBXBuildFile; fileRef = 605DD4141EB2CB13001C873C /* Main.storyboard */; };
		605DD4181EB2CB13001C873C /* Assets.xcassets in Resources */ = {isa = PBXBuildFile; fileRef = 605DD4171EB2CB13001C873C /* Assets.xcassets */; };
		605DD41B1EB2CB13001C873C /* LaunchScreen.storyboard in Resources */ = {isa = PBXBuildFile; fileRef = 605DD4191EB2CB13001C873C /* LaunchScreen.storyboard */; };
		605DD4241EB2CDED001C873C /* ProjectList.plist in Resources */ = {isa = PBXBuildFile; fileRef = 605DD4231EB2CDED001C873C /* ProjectList.plist */; };
		605DD4281EB2D68E001C873C /* AirdropViewController.swift in Sources */ = {isa = PBXBuildFile; fileRef = 605DD4271EB2D68E001C873C /* AirdropViewController.swift */; };
		605DD42A1EB2D6B8001C873C /* AirdropURLViewController.swift in Sources */ = {isa = PBXBuildFile; fileRef = 605DD4291EB2D6B8001C873C /* AirdropURLViewController.swift */; };
		605DD42C1EB2D71C001C873C /* Airdrop.storyboard in Resources */ = {isa = PBXBuildFile; fileRef = 605DD42B1EB2D71C001C873C /* Airdrop.storyboard */; };
		605DD4A61EB3404D001C873C /* SourceCodeViewController.swift in Sources */ = {isa = PBXBuildFile; fileRef = 605DD4A51EB3404D001C873C /* SourceCodeViewController.swift */; };
		605DD4AA1EB3413E001C873C /* WebKit.framework in Frameworks */ = {isa = PBXBuildFile; fileRef = 605DD4A91EB3413E001C873C /* WebKit.framework */; };
		605DD4AC1EB34147001C873C /* MediaPlayer.framework in Frameworks */ = {isa = PBXBuildFile; fileRef = 605DD4AB1EB34147001C873C /* MediaPlayer.framework */; };
		60A53E8B1EB836B10012DD2D /* agate.css in Resources */ = {isa = PBXBuildFile; fileRef = 60A53E821EB836B10012DD2D /* agate.css */; };
		60A53E8C1EB836B10012DD2D /* airdrop.html in Resources */ = {isa = PBXBuildFile; fileRef = 60A53E831EB836B10012DD2D /* airdrop.html */; };
		60A53E8D1EB836B10012DD2D /* airdrop2.html in Resources */ = {isa = PBXBuildFile; fileRef = 60A53E841EB836B10012DD2D /* airdrop2.html */; };
		60A53E8E1EB836B10012DD2D /* alertc.html in Resources */ = {isa = PBXBuildFile; fileRef = 60A53E851EB836B10012DD2D /* alertc.html */; };
		60A53E8F1EB836B10012DD2D /* animationgesture.html in Resources */ = {isa = PBXBuildFile; fileRef = 60A53E861EB836B10012DD2D /* animationgesture.html */; };
		60A53E901EB836B10012DD2D /* animationquartzcore.html in Resources */ = {isa = PBXBuildFile; fileRef = 60A53E871EB836B10012DD2D /* animationquartzcore.html */; };
		60A53E911EB836B10012DD2D /* avfoundationqrcode.html in Resources */ = {isa = PBXBuildFile; fileRef = 60A53E881EB836B10012DD2D /* avfoundationqrcode.html */; };
		60A53E921EB836B10012DD2D /* highlight.pack.js in Resources */ = {isa = PBXBuildFile; fileRef = 60A53E891EB836B10012DD2D /* highlight.pack.js */; };
		60A53E931EB836B10012DD2D /* sourcecode.html in Resources */ = {isa = PBXBuildFile; fileRef = 60A53E8A1EB836B10012DD2D /* sourcecode.html */; };
		60A53E981EB839830012DD2D /* contactadd.html in Resources */ = {isa = PBXBuildFile; fileRef = 60A53E941EB839830012DD2D /* contactadd.html */; };
		60A53E991EB839830012DD2D /* contactdetail.html in Resources */ = {isa = PBXBuildFile; fileRef = 60A53E951EB839830012DD2D /* contactdetail.html */; };
		60A53E9A1EB839830012DD2D /* contactlist.html in Resources */ = {isa = PBXBuildFile; fileRef = 60A53E961EB839830012DD2D /* contactlist.html */; };
		60A53E9B1EB839830012DD2D /* templete.html in Resources */ = {isa = PBXBuildFile; fileRef = 60A53E971EB839830012DD2D /* templete.html */; };
		60A53EA91EB88A880012DD2D /* EventKit.framework in Frameworks */ = {isa = PBXBuildFile; fileRef = 60A53EA81EB88A880012DD2D /* EventKit.framework */; };
		60A53EAB1EB88AA80012DD2D /* Calendar.storyboard in Resources */ = {isa = PBXBuildFile; fileRef = 60A53EAA1EB88AA80012DD2D /* Calendar.storyboard */; };
		60A53EAD1EB88B720012DD2D /* CalendarViewController.swift in Sources */ = {isa = PBXBuildFile; fileRef = 60A53EAC1EB88B720012DD2D /* CalendarViewController.swift */; };
		60A53EB61EB97E1B0012DD2D /* calendar.html in Resources */ = {isa = PBXBuildFile; fileRef = 60A53EB51EB97E1B0012DD2D /* calendar.html */; };
		60A53EBA1EB982400012DD2D /* iBeacon.storyboard in Resources */ = {isa = PBXBuildFile; fileRef = 60A53EB91EB982400012DD2D /* iBeacon.storyboard */; };
		60A53EBC1EB9825B0012DD2D /* IBeaconViewController.swift in Sources */ = {isa = PBXBuildFile; fileRef = 60A53EBB1EB9825B0012DD2D /* IBeaconViewController.swift */; };
		60A53EC21EB982DB0012DD2D /* CoreLocation.framework in Frameworks */ = {isa = PBXBuildFile; fileRef = 60A53EC11EB982DB0012DD2D /* CoreLocation.framework */; };
		60A53EC41EB982EF0012DD2D /* CoreBluetooth.framework in Frameworks */ = {isa = PBXBuildFile; fileRef = 60A53EC31EB982EF0012DD2D /* CoreBluetooth.framework */; };
		60A53EC61EB9CD5E0012DD2D /* ibeacon.html in Resources */ = {isa = PBXBuildFile; fileRef = 60A53EC51EB9CD5E0012DD2D /* ibeacon.html */; };
		60A53ECD1EB9CE7B0012DD2D /* MultipeerConnectivity.framework in Frameworks */ = {isa = PBXBuildFile; fileRef = 60A53ECC1EB9CE7B0012DD2D /* MultipeerConnectivity.framework */; };
		60A53ED11EB9DCC90012DD2D /* ChatPeer2Peer.storyboard in Resources */ = {isa = PBXBuildFile; fileRef = 60A53ECF1EB9DCC90012DD2D /* ChatPeer2Peer.storyboard */; };
		60A53ED21EB9DCC90012DD2D /* ChatPeer2PeerViewController.swift in Sources */ = {isa = PBXBuildFile; fileRef = 60A53ED01EB9DCC90012DD2D /* ChatPeer2PeerViewController.swift */; };
		60A53ED41EB9DE490012DD2D /* chatpeer2peer.html in Resources */ = {isa = PBXBuildFile; fileRef = 60A53ED31EB9DE490012DD2D /* chatpeer2peer.html */; };
/* End PBXBuildFile section */

/* Begin PBXFileReference section */
		415B10CA1EB43CF300A95D27 /* SourceCodeEx.swift */ = {isa = PBXFileReference; fileEncoding = 4; lastKnownFileType = sourcecode.swift; path = SourceCodeEx.swift; sourceTree = "<group>"; };
		415B10CE1EB4468D00A95D27 /* UIBarButtonItemEx.swift */ = {isa = PBXFileReference; fileEncoding = 4; lastKnownFileType = sourcecode.swift; path = UIBarButtonItemEx.swift; sourceTree = "<group>"; };
		415B10D11EB58B5100A95D27 /* AVFoundationQRcode.storyboard */ = {isa = PBXFileReference; fileEncoding = 4; lastKnownFileType = file.storyboard; path = AVFoundationQRcode.storyboard; sourceTree = "<group>"; };
		415B10D31EB58B7C00A95D27 /* QRcodeViewController.swift */ = {isa = PBXFileReference; fileEncoding = 4; lastKnownFileType = sourcecode.swift; path = QRcodeViewController.swift; sourceTree = "<group>"; };
		415B10D51EB58C3900A95D27 /* AVFoundation.framework */ = {isa = PBXFileReference; lastKnownFileType = wrapper.framework; name = AVFoundation.framework; path = System/Library/Frameworks/AVFoundation.framework; sourceTree = SDKROOT; };
		415B10DE1EB5A5CD00A95D27 /* AlertC.storyboard */ = {isa = PBXFileReference; fileEncoding = 4; lastKnownFileType = file.storyboard; path = AlertC.storyboard; sourceTree = "<group>"; };
		415B10E01EB5A64B00A95D27 /* AlertViewController.swift */ = {isa = PBXFileReference; fileEncoding = 4; lastKnownFileType = sourcecode.swift; path = AlertViewController.swift; sourceTree = "<group>"; };
		41E59B9D1EBD63F30047BD27 /* WGridFlowLayout.swift */ = {isa = PBXFileReference; fileEncoding = 4; lastKnownFileType = sourcecode.swift; path = WGridFlowLayout.swift; sourceTree = "<group>"; };
		41E59B9F1EBDB72C0047BD27 /* collectionview.html */ = {isa = PBXFileReference; fileEncoding = 4; lastKnownFileType = text.html; path = collectionview.html; sourceTree = "<group>"; };
		41E59BA21EBDBCB50047BD27 /* CoreAnimation.storyboard */ = {isa = PBXFileReference; fileEncoding = 4; lastKnownFileType = file.storyboard; path = CoreAnimation.storyboard; sourceTree = "<group>"; };
		41E59BA41EBDBD680047BD27 /* CoreAnimationViewController.swift */ = {isa = PBXFileReference; fileEncoding = 4; lastKnownFileType = sourcecode.swift; path = CoreAnimationViewController.swift; sourceTree = "<group>"; };
		41EB26841EB5B8EA00480186 /* AnimationQuartzCore.storyboard */ = {isa = PBXFileReference; fileEncoding = 4; lastKnownFileType = file.storyboard; path = AnimationQuartzCore.storyboard; sourceTree = "<group>"; };
		41EB26861EB5B95500480186 /* AnimationQuartzCoreViewController.swift */ = {isa = PBXFileReference; fileEncoding = 4; lastKnownFileType = sourcecode.swift; path = AnimationQuartzCoreViewController.swift; sourceTree = "<group>"; };
		41EB26881EB5BECF00480186 /* QuartzCore.framework */ = {isa = PBXFileReference; lastKnownFileType = wrapper.framework; name = QuartzCore.framework; path = System/Library/Frameworks/QuartzCore.framework; sourceTree = SDKROOT; };
		41EB268D1EB5CBCA00480186 /* AnimationGestureViewController.swift */ = {isa = PBXFileReference; fileEncoding = 4; lastKnownFileType = sourcecode.swift; path = AnimationGestureViewController.swift; sourceTree = "<group>"; };
		41EB268F1EB5CBD700480186 /* AnimationGesture.storyboard */ = {isa = PBXFileReference; fileEncoding = 4; lastKnownFileType = file.storyboard; path = AnimationGesture.storyboard; sourceTree = "<group>"; };
		41EB26941EB5D8D100480186 /* BasicAgenda.storyboard */ = {isa = PBXFileReference; fileEncoding = 4; lastKnownFileType = file.storyboard; path = BasicAgenda.storyboard; sourceTree = "<group>"; };
		41EB26961EB5DB9B00480186 /* ContactListViewController.swift */ = {isa = PBXFileReference; fileEncoding = 4; lastKnownFileType = sourcecode.swift; path = ContactListViewController.swift; sourceTree = "<group>"; };
		41EB26981EB5DBAB00480186 /* ContactDetailViewController.swift */ = {isa = PBXFileReference; fileEncoding = 4; lastKnownFileType = sourcecode.swift; path = ContactDetailViewController.swift; sourceTree = "<group>"; };
		41EB269A1EB5DBC800480186 /* ContactAddViewController.swift */ = {isa = PBXFileReference; fileEncoding = 4; lastKnownFileType = sourcecode.swift; path = ContactAddViewController.swift; sourceTree = "<group>"; };
		41EB269D1EBD5F8C00480186 /* CollectionView.storyboard */ = {isa = PBXFileReference; fileEncoding = 4; lastKnownFileType = file.storyboard; path = CollectionView.storyboard; sourceTree = "<group>"; };
		41EB269F1EBD5FA000480186 /* CollectionViewController.swift */ = {isa = PBXFileReference; fileEncoding = 4; lastKnownFileType = sourcecode.swift; path = CollectionViewController.swift; sourceTree = "<group>"; };
		605DD40D1EB2CB13001C873C /* SwiftCase.app */ = {isa = PBXFileReference; explicitFileType = wrapper.application; includeInIndex = 0; path = SwiftCase.app; sourceTree = BUILT_PRODUCTS_DIR; };
		605DD4101EB2CB13001C873C /* AppDelegate.swift */ = {isa = PBXFileReference; lastKnownFileType = sourcecode.swift; path = AppDelegate.swift; sourceTree = "<group>"; };
		605DD4121EB2CB13001C873C /* ViewController.swift */ = {isa = PBXFileReference; lastKnownFileType = sourcecode.swift; path = ViewController.swift; sourceTree = "<group>"; };
		605DD4151EB2CB13001C873C /* Base */ = {isa = PBXFileReference; lastKnownFileType = file.storyboard; name = Base; path = Base.lproj/Main.storyboard; sourceTree = "<group>"; };
		605DD4171EB2CB13001C873C /* Assets.xcassets */ = {isa = PBXFileReference; lastKnownFileType = folder.assetcatalog; path = Assets.xcassets; sourceTree = "<group>"; };
		605DD41A1EB2CB13001C873C /* Base */ = {isa = PBXFileReference; lastKnownFileType = file.storyboard; name = Base; path = Base.lproj/LaunchScreen.storyboard; sourceTree = "<group>"; };
		605DD41C1EB2CB13001C873C /* Info.plist */ = {isa = PBXFileReference; lastKnownFileType = text.plist.xml; path = Info.plist; sourceTree = "<group>"; };
		605DD4231EB2CDED001C873C /* ProjectList.plist */ = {isa = PBXFileReference; fileEncoding = 4; lastKnownFileType = text.plist.xml; path = ProjectList.plist; sourceTree = "<group>"; };
		605DD4271EB2D68E001C873C /* AirdropViewController.swift */ = {isa = PBXFileReference; fileEncoding = 4; lastKnownFileType = sourcecode.swift; path = AirdropViewController.swift; sourceTree = "<group>"; };
		605DD4291EB2D6B8001C873C /* AirdropURLViewController.swift */ = {isa = PBXFileReference; fileEncoding = 4; lastKnownFileType = sourcecode.swift; path = AirdropURLViewController.swift; sourceTree = "<group>"; };
		605DD42B1EB2D71C001C873C /* Airdrop.storyboard */ = {isa = PBXFileReference; fileEncoding = 4; lastKnownFileType = file.storyboard; path = Airdrop.storyboard; sourceTree = "<group>"; };
		605DD4A51EB3404D001C873C /* SourceCodeViewController.swift */ = {isa = PBXFileReference; fileEncoding = 4; lastKnownFileType = sourcecode.swift; path = SourceCodeViewController.swift; sourceTree = "<group>"; };
		605DD4A91EB3413E001C873C /* WebKit.framework */ = {isa = PBXFileReference; lastKnownFileType = wrapper.framework; name = WebKit.framework; path = System/Library/Frameworks/WebKit.framework; sourceTree = SDKROOT; };
		605DD4AB1EB34147001C873C /* MediaPlayer.framework */ = {isa = PBXFileReference; lastKnownFileType = wrapper.framework; name = MediaPlayer.framework; path = System/Library/Frameworks/MediaPlayer.framework; sourceTree = SDKROOT; };
		60A53E821EB836B10012DD2D /* agate.css */ = {isa = PBXFileReference; fileEncoding = 4; lastKnownFileType = text.css; path = agate.css; sourceTree = "<group>"; };
		60A53E831EB836B10012DD2D /* airdrop.html */ = {isa = PBXFileReference; fileEncoding = 4; lastKnownFileType = text.html; path = airdrop.html; sourceTree = "<group>"; };
		60A53E841EB836B10012DD2D /* airdrop2.html */ = {isa = PBXFileReference; fileEncoding = 4; lastKnownFileType = text.html; path = airdrop2.html; sourceTree = "<group>"; };
		60A53E851EB836B10012DD2D /* alertc.html */ = {isa = PBXFileReference; fileEncoding = 4; lastKnownFileType = text.html; path = alertc.html; sourceTree = "<group>"; };
		60A53E861EB836B10012DD2D /* animationgesture.html */ = {isa = PBXFileReference; fileEncoding = 4; lastKnownFileType = text.html; path = animationgesture.html; sourceTree = "<group>"; };
		60A53E871EB836B10012DD2D /* animationquartzcore.html */ = {isa = PBXFileReference; fileEncoding = 4; lastKnownFileType = text.html; path = animationquartzcore.html; sourceTree = "<group>"; };
		60A53E881EB836B10012DD2D /* avfoundationqrcode.html */ = {isa = PBXFileReference; fileEncoding = 4; lastKnownFileType = text.html; path = avfoundationqrcode.html; sourceTree = "<group>"; };
		60A53E891EB836B10012DD2D /* highlight.pack.js */ = {isa = PBXFileReference; fileEncoding = 4; lastKnownFileType = sourcecode.javascript; path = highlight.pack.js; sourceTree = "<group>"; };
		60A53E8A1EB836B10012DD2D /* sourcecode.html */ = {isa = PBXFileReference; fileEncoding = 4; lastKnownFileType = text.html; path = sourcecode.html; sourceTree = "<group>"; };
		60A53E941EB839830012DD2D /* contactadd.html */ = {isa = PBXFileReference; fileEncoding = 4; lastKnownFileType = text.html; path = contactadd.html; sourceTree = "<group>"; };
		60A53E951EB839830012DD2D /* contactdetail.html */ = {isa = PBXFileReference; fileEncoding = 4; lastKnownFileType = text.html; path = contactdetail.html; sourceTree = "<group>"; };
		60A53E961EB839830012DD2D /* contactlist.html */ = {isa = PBXFileReference; fileEncoding = 4; lastKnownFileType = text.html; path = contactlist.html; sourceTree = "<group>"; };
		60A53E971EB839830012DD2D /* templete.html */ = {isa = PBXFileReference; fileEncoding = 4; lastKnownFileType = text.html; path = templete.html; sourceTree = "<group>"; };
		60A53EA81EB88A880012DD2D /* EventKit.framework */ = {isa = PBXFileReference; lastKnownFileType = wrapper.framework; name = EventKit.framework; path = System/Library/Frameworks/EventKit.framework; sourceTree = SDKROOT; };
		60A53EAA1EB88AA80012DD2D /* Calendar.storyboard */ = {isa = PBXFileReference; fileEncoding = 4; lastKnownFileType = file.storyboard; path = Calendar.storyboard; sourceTree = "<group>"; };
		60A53EAC1EB88B720012DD2D /* CalendarViewController.swift */ = {isa = PBXFileReference; fileEncoding = 4; lastKnownFileType = sourcecode.swift; path = CalendarViewController.swift; sourceTree = "<group>"; };
		60A53EB51EB97E1B0012DD2D /* calendar.html */ = {isa = PBXFileReference; fileEncoding = 4; lastKnownFileType = text.html; path = calendar.html; sourceTree = "<group>"; };
		60A53EB91EB982400012DD2D /* iBeacon.storyboard */ = {isa = PBXFileReference; fileEncoding = 4; lastKnownFileType = file.storyboard; path = iBeacon.storyboard; sourceTree = "<group>"; };
		60A53EBB1EB9825B0012DD2D /* IBeaconViewController.swift */ = {isa = PBXFileReference; fileEncoding = 4; lastKnownFileType = sourcecode.swift; path = IBeaconViewController.swift; sourceTree = "<group>"; };
		60A53EC11EB982DB0012DD2D /* CoreLocation.framework */ = {isa = PBXFileReference; lastKnownFileType = wrapper.framework; name = CoreLocation.framework; path = System/Library/Frameworks/CoreLocation.framework; sourceTree = SDKROOT; };
		60A53EC31EB982EF0012DD2D /* CoreBluetooth.framework */ = {isa = PBXFileReference; lastKnownFileType = wrapper.framework; name = CoreBluetooth.framework; path = System/Library/Frameworks/CoreBluetooth.framework; sourceTree = SDKROOT; };
		60A53EC51EB9CD5E0012DD2D /* ibeacon.html */ = {isa = PBXFileReference; fileEncoding = 4; lastKnownFileType = text.html; path = ibeacon.html; sourceTree = "<group>"; };
		60A53ECC1EB9CE7B0012DD2D /* MultipeerConnectivity.framework */ = {isa = PBXFileReference; lastKnownFileType = wrapper.framework; name = MultipeerConnectivity.framework; path = System/Library/Frameworks/MultipeerConnectivity.framework; sourceTree = SDKROOT; };
		60A53ECF1EB9DCC90012DD2D /* ChatPeer2Peer.storyboard */ = {isa = PBXFileReference; fileEncoding = 4; lastKnownFileType = file.storyboard; path = ChatPeer2Peer.storyboard; sourceTree = "<group>"; };
		60A53ED01EB9DCC90012DD2D /* ChatPeer2PeerViewController.swift */ = {isa = PBXFileReference; fileEncoding = 4; lastKnownFileType = sourcecode.swift; path = ChatPeer2PeerViewController.swift; sourceTree = "<group>"; };
		60A53ED31EB9DE490012DD2D /* chatpeer2peer.html */ = {isa = PBXFileReference; fileEncoding = 4; lastKnownFileType = text.html; path = chatpeer2peer.html; sourceTree = "<group>"; };
/* End PBXFileReference section */

/* Begin PBXFrameworksBuildPhase section */
		605DD40A1EB2CB13001C873C /* Frameworks */ = {
			isa = PBXFrameworksBuildPhase;
			buildActionMask = 2147483647;
			files = (
				60A53ECD1EB9CE7B0012DD2D /* MultipeerConnectivity.framework in Frameworks */,
				60A53EC41EB982EF0012DD2D /* CoreBluetooth.framework in Frameworks */,
				60A53EC21EB982DB0012DD2D /* CoreLocation.framework in Frameworks */,
				60A53EA91EB88A880012DD2D /* EventKit.framework in Frameworks */,
				41EB26891EB5BECF00480186 /* QuartzCore.framework in Frameworks */,
				415B10D61EB58C3900A95D27 /* AVFoundation.framework in Frameworks */,
				605DD4AC1EB34147001C873C /* MediaPlayer.framework in Frameworks */,
				605DD4AA1EB3413E001C873C /* WebKit.framework in Frameworks */,
			);
			runOnlyForDeploymentPostprocessing = 0;
		};
/* End PBXFrameworksBuildPhase section */

/* Begin PBXGroup section */
		415B10C91EB43CA000A95D27 /* Util */ = {
			isa = PBXGroup;
			children = (
				415B10CA1EB43CF300A95D27 /* SourceCodeEx.swift */,
				415B10CE1EB4468D00A95D27 /* UIBarButtonItemEx.swift */,
			);
			path = Util;
			sourceTree = "<group>";
		};
		415B10D01EB58A9600A95D27 /* AVFoundationQRcode */ = {
			isa = PBXGroup;
			children = (
				415B10D11EB58B5100A95D27 /* AVFoundationQRcode.storyboard */,
				415B10D31EB58B7C00A95D27 /* QRcodeViewController.swift */,
			);
			path = AVFoundationQRcode;
			sourceTree = "<group>";
		};
		415B10DD1EB5A58A00A95D27 /* AlertC */ = {
			isa = PBXGroup;
			children = (
				415B10DE1EB5A5CD00A95D27 /* AlertC.storyboard */,
				415B10E01EB5A64B00A95D27 /* AlertViewController.swift */,
			);
			path = AlertC;
			sourceTree = "<group>";
		};
		41E59BA11EBDBC9F0047BD27 /* CoreAnimation */ = {
			isa = PBXGroup;
			children = (
				41E59BA21EBDBCB50047BD27 /* CoreAnimation.storyboard */,
				41E59BA41EBDBD680047BD27 /* CoreAnimationViewController.swift */,
			);
			path = CoreAnimation;
			sourceTree = "<group>";
		};
		41EB26831EB5B8A000480186 /* AnimationQuartzCore */ = {
			isa = PBXGroup;
			children = (
				41EB26841EB5B8EA00480186 /* AnimationQuartzCore.storyboard */,
				41EB26861EB5B95500480186 /* AnimationQuartzCoreViewController.swift */,
			);
			path = AnimationQuartzCore;
			sourceTree = "<group>";
		};
		41EB268C1EB5CBBA00480186 /* AnimationGesture */ = {
			isa = PBXGroup;
			children = (
				41EB268D1EB5CBCA00480186 /* AnimationGestureViewController.swift */,
				41EB268F1EB5CBD700480186 /* AnimationGesture.storyboard */,
			);
			path = AnimationGesture;
			sourceTree = "<group>";
		};
		41EB26931EB5D8BF00480186 /* BasicAgenda */ = {
			isa = PBXGroup;
			children = (
				41EB26941EB5D8D100480186 /* BasicAgenda.storyboard */,
				41EB26961EB5DB9B00480186 /* ContactListViewController.swift */,
				41EB26981EB5DBAB00480186 /* ContactDetailViewController.swift */,
				41EB269A1EB5DBC800480186 /* ContactAddViewController.swift */,
			);
			path = BasicAgenda;
			sourceTree = "<group>";
		};
		41EB269C1EBD5F7A00480186 /* CollectionView */ = {
			isa = PBXGroup;
			children = (
				41EB269D1EBD5F8C00480186 /* CollectionView.storyboard */,
				41EB269F1EBD5FA000480186 /* CollectionViewController.swift */,
				41E59B9D1EBD63F30047BD27 /* WGridFlowLayout.swift */,
			);
			path = CollectionView;
			sourceTree = "<group>";
		};
		605DD4041EB2CB13001C873C = {
			isa = PBXGroup;
			children = (
				605DD40F1EB2CB13001C873C /* SwiftCase */,
				605DD40E1EB2CB13001C873C /* Products */,
				605DD42F1EB2D90B001C873C /* Frameworks */,
			);
			sourceTree = "<group>";
		};
		605DD40E1EB2CB13001C873C /* Products */ = {
			isa = PBXGroup;
			children = (
				605DD40D1EB2CB13001C873C /* SwiftCase.app */,
			);
			name = Products;
			sourceTree = "<group>";
		};
		605DD40F1EB2CB13001C873C /* SwiftCase */ = {
			isa = PBXGroup;
			children = (
				605DD4251EB2CE65001C873C /* List */,
				605DD4221EB2CDDA001C873C /* Resource */,
				415B10C91EB43CA000A95D27 /* Util */,
				605DD4101EB2CB13001C873C /* AppDelegate.swift */,
				605DD4121EB2CB13001C873C /* ViewController.swift */,
				605DD4141EB2CB13001C873C /* Main.storyboard */,
				605DD4171EB2CB13001C873C /* Assets.xcassets */,
				605DD4191EB2CB13001C873C /* LaunchScreen.storyboard */,
				605DD41C1EB2CB13001C873C /* Info.plist */,
			);
			path = SwiftCase;
			sourceTree = "<group>";
		};
		605DD4221EB2CDDA001C873C /* Resource */ = {
			isa = PBXGroup;
			children = (
				60A53E811EB836B10012DD2D /* www */,
				605DD4231EB2CDED001C873C /* ProjectList.plist */,
			);
			path = Resource;
			sourceTree = "<group>";
		};
		605DD4251EB2CE65001C873C /* List */ = {
			isa = PBXGroup;
			children = (
				41E59BA11EBDBC9F0047BD27 /* CoreAnimation */,
				41EB269C1EBD5F7A00480186 /* CollectionView */,
				60A53ECE1EB9DCC90012DD2D /* ChatPeer2Peer */,
				60A53EB81EB9822E0012DD2D /* iBeacon */,
				60A53EA71EB88A7D0012DD2D /* Calendar */,
				41EB26931EB5D8BF00480186 /* BasicAgenda */,
				41EB268C1EB5CBBA00480186 /* AnimationGesture */,
				41EB26831EB5B8A000480186 /* AnimationQuartzCore */,
				415B10DD1EB5A58A00A95D27 /* AlertC */,
				415B10D01EB58A9600A95D27 /* AVFoundationQRcode */,
				605DD4A41EB34010001C873C /* SourceCode */,
				605DD4261EB2CE7A001C873C /* Airdrop */,
			);
			path = List;
			sourceTree = "<group>";
		};
		605DD4261EB2CE7A001C873C /* Airdrop */ = {
			isa = PBXGroup;
			children = (
				605DD4271EB2D68E001C873C /* AirdropViewController.swift */,
				605DD4291EB2D6B8001C873C /* AirdropURLViewController.swift */,
				605DD42B1EB2D71C001C873C /* Airdrop.storyboard */,
			);
			path = Airdrop;
			sourceTree = "<group>";
		};
		605DD42F1EB2D90B001C873C /* Frameworks */ = {
			isa = PBXGroup;
			children = (
				60A53ECC1EB9CE7B0012DD2D /* MultipeerConnectivity.framework */,
				60A53EC31EB982EF0012DD2D /* CoreBluetooth.framework */,
				60A53EC11EB982DB0012DD2D /* CoreLocation.framework */,
				60A53EA81EB88A880012DD2D /* EventKit.framework */,
				41EB26881EB5BECF00480186 /* QuartzCore.framework */,
				415B10D51EB58C3900A95D27 /* AVFoundation.framework */,
				605DD4AB1EB34147001C873C /* MediaPlayer.framework */,
				605DD4A91EB3413E001C873C /* WebKit.framework */,
			);
			name = Frameworks;
			sourceTree = "<group>";
		};
		605DD4A41EB34010001C873C /* SourceCode */ = {
			isa = PBXGroup;
			children = (
				605DD4A51EB3404D001C873C /* SourceCodeViewController.swift */,
			);
			path = SourceCode;
			sourceTree = "<group>";
		};
		60A53E811EB836B10012DD2D /* www */ = {
			isa = PBXGroup;
			children = (
				41E59B9F1EBDB72C0047BD27 /* collectionview.html */,
				60A53ED31EB9DE490012DD2D /* chatpeer2peer.html */,
				60A53EC51EB9CD5E0012DD2D /* ibeacon.html */,
				60A53EB51EB97E1B0012DD2D /* calendar.html */,
				60A53E941EB839830012DD2D /* contactadd.html */,
				60A53E951EB839830012DD2D /* contactdetail.html */,
				60A53E961EB839830012DD2D /* contactlist.html */,
				60A53E971EB839830012DD2D /* templete.html */,
				60A53E831EB836B10012DD2D /* airdrop.html */,
				60A53E841EB836B10012DD2D /* airdrop2.html */,
				60A53E851EB836B10012DD2D /* alertc.html */,
				60A53E861EB836B10012DD2D /* animationgesture.html */,
				60A53E871EB836B10012DD2D /* animationquartzcore.html */,
				60A53E881EB836B10012DD2D /* avfoundationqrcode.html */,
				60A53E8A1EB836B10012DD2D /* sourcecode.html */,
				60A53E821EB836B10012DD2D /* agate.css */,
				60A53E891EB836B10012DD2D /* highlight.pack.js */,
			);
			path = www;
			sourceTree = "<group>";
		};
		60A53EA71EB88A7D0012DD2D /* Calendar */ = {
			isa = PBXGroup;
			children = (
				60A53EAA1EB88AA80012DD2D /* Calendar.storyboard */,
				60A53EAC1EB88B720012DD2D /* CalendarViewController.swift */,
			);
			path = Calendar;
			sourceTree = "<group>";
		};
		60A53EB81EB9822E0012DD2D /* iBeacon */ = {
			isa = PBXGroup;
			children = (
				60A53EB91EB982400012DD2D /* iBeacon.storyboard */,
				60A53EBB1EB9825B0012DD2D /* IBeaconViewController.swift */,
			);
			path = iBeacon;
			sourceTree = "<group>";
		};
		60A53ECE1EB9DCC90012DD2D /* ChatPeer2Peer */ = {
			isa = PBXGroup;
			children = (
				60A53ECF1EB9DCC90012DD2D /* ChatPeer2Peer.storyboard */,
				60A53ED01EB9DCC90012DD2D /* ChatPeer2PeerViewController.swift */,
			);
			path = ChatPeer2Peer;
			sourceTree = "<group>";
		};
/* End PBXGroup section */

/* Begin PBXNativeTarget section */
		605DD40C1EB2CB13001C873C /* SwiftCase */ = {
			isa = PBXNativeTarget;
			buildConfigurationList = 605DD41F1EB2CB13001C873C /* Build configuration list for PBXNativeTarget "SwiftCase" */;
			buildPhases = (
				605DD4091EB2CB13001C873C /* Sources */,
				605DD40A1EB2CB13001C873C /* Frameworks */,
				605DD40B1EB2CB13001C873C /* Resources */,
			);
			buildRules = (
			);
			dependencies = (
			);
			name = SwiftCase;
			productName = SwiftCase;
			productReference = 605DD40D1EB2CB13001C873C /* SwiftCase.app */;
			productType = "com.apple.product-type.application";
		};
/* End PBXNativeTarget section */

/* Begin PBXProject section */
		605DD4051EB2CB13001C873C /* Project object */ = {
			isa = PBXProject;
			attributes = {
				LastSwiftUpdateCheck = 0830;
				LastUpgradeCheck = 0830;
				ORGANIZATIONNAME = Shepherd;
				TargetAttributes = {
					605DD40C1EB2CB13001C873C = {
						CreatedOnToolsVersion = 8.3;
						DevelopmentTeam = UD5YK4KV23;
						ProvisioningStyle = Automatic;
					};
				};
			};
			buildConfigurationList = 605DD4081EB2CB13001C873C /* Build configuration list for PBXProject "SwiftCase" */;
			compatibilityVersion = "Xcode 3.2";
			developmentRegion = English;
			hasScannedForEncodings = 0;
			knownRegions = (
				en,
				Base,
			);
			mainGroup = 605DD4041EB2CB13001C873C;
			productRefGroup = 605DD40E1EB2CB13001C873C /* Products */;
			projectDirPath = "";
			projectRoot = "";
			targets = (
				605DD40C1EB2CB13001C873C /* SwiftCase */,
			);
		};
/* End PBXProject section */

/* Begin PBXResourcesBuildPhase section */
		605DD40B1EB2CB13001C873C /* Resources */ = {
			isa = PBXResourcesBuildPhase;
			buildActionMask = 2147483647;
			files = (
				605DD41B1EB2CB13001C873C /* LaunchScreen.storyboard in Resources */,
				60A53E8E1EB836B10012DD2D /* alertc.html in Resources */,
				41EB26951EB5D8D100480186 /* BasicAgenda.storyboard in Resources */,
				60A53EC61EB9CD5E0012DD2D /* ibeacon.html in Resources */,
				60A53E8B1EB836B10012DD2D /* agate.css in Resources */,
				415B10DF1EB5A5CD00A95D27 /* AlertC.storyboard in Resources */,
				41EB26901EB5CBD700480186 /* AnimationGesture.storyboard in Resources */,
				60A53E931EB836B10012DD2D /* sourcecode.html in Resources */,
				60A53E8D1EB836B10012DD2D /* airdrop2.html in Resources */,
				60A53E9B1EB839830012DD2D /* templete.html in Resources */,
				60A53ED11EB9DCC90012DD2D /* ChatPeer2Peer.storyboard in Resources */,
				60A53E8F1EB836B10012DD2D /* animationgesture.html in Resources */,
				41EB26851EB5B8EA00480186 /* AnimationQuartzCore.storyboard in Resources */,
				605DD4181EB2CB13001C873C /* Assets.xcassets in Resources */,
				60A53EAB1EB88AA80012DD2D /* Calendar.storyboard in Resources */,
				605DD4241EB2CDED001C873C /* ProjectList.plist in Resources */,
				60A53EBA1EB982400012DD2D /* iBeacon.storyboard in Resources */,
				60A53ED41EB9DE490012DD2D /* chatpeer2peer.html in Resources */,
				60A53E991EB839830012DD2D /* contactdetail.html in Resources */,
				41E59BA01EBDB72C0047BD27 /* collectionview.html in Resources */,
				60A53E921EB836B10012DD2D /* highlight.pack.js in Resources */,
				605DD4161EB2CB13001C873C /* Main.storyboard in Resources */,
				605DD42C1EB2D71C001C873C /* Airdrop.storyboard in Resources */,
				415B10D21EB58B5100A95D27 /* AVFoundationQRcode.storyboard in Resources */,
				41E59BA31EBDBCB50047BD27 /* CoreAnimation.storyboard in Resources */,
				60A53E911EB836B10012DD2D /* avfoundationqrcode.html in Resources */,
				60A53EB61EB97E1B0012DD2D /* calendar.html in Resources */,
				60A53E8C1EB836B10012DD2D /* airdrop.html in Resources */,
				60A53E981EB839830012DD2D /* contactadd.html in Resources */,
				41EB269E1EBD5F8C00480186 /* CollectionView.storyboard in Resources */,
				60A53E9A1EB839830012DD2D /* contactlist.html in Resources */,
				60A53E901EB836B10012DD2D /* animationquartzcore.html in Resources */,
			);
			runOnlyForDeploymentPostprocessing = 0;
		};
/* End PBXResourcesBuildPhase section */

/* Begin PBXSourcesBuildPhase section */
		605DD4091EB2CB13001C873C /* Sources */ = {
			isa = PBXSourcesBuildPhase;
			buildActionMask = 2147483647;
			files = (
				41EB26A01EBD5FA000480186 /* CollectionViewController.swift in Sources */,
				60A53EAD1EB88B720012DD2D /* CalendarViewController.swift in Sources */,
				605DD42A1EB2D6B8001C873C /* AirdropURLViewController.swift in Sources */,
				41EB26871EB5B95500480186 /* AnimationQuartzCoreViewController.swift in Sources */,
				41EB268E1EB5CBCA00480186 /* AnimationGestureViewController.swift in Sources */,
				605DD4A61EB3404D001C873C /* SourceCodeViewController.swift in Sources */,
				415B10D41EB58B7C00A95D27 /* QRcodeViewController.swift in Sources */,
				60A53EBC1EB9825B0012DD2D /* IBeaconViewController.swift in Sources */,
				41E59BA51EBDBD680047BD27 /* CoreAnimationViewController.swift in Sources */,
				41EB26971EB5DB9B00480186 /* ContactListViewController.swift in Sources */,
				415B10CB1EB43CF300A95D27 /* SourceCodeEx.swift in Sources */,
				415B10E11EB5A64B00A95D27 /* AlertViewController.swift in Sources */,
				41EB26991EB5DBAB00480186 /* ContactDetailViewController.swift in Sources */,
				41E59B9E1EBD63F30047BD27 /* WGridFlowLayout.swift in Sources */,
				605DD4131EB2CB13001C873C /* ViewController.swift in Sources */,
				605DD4281EB2D68E001C873C /* AirdropViewController.swift in Sources */,
				415B10CF1EB4468D00A95D27 /* UIBarButtonItemEx.swift in Sources */,
				60A53ED21EB9DCC90012DD2D /* ChatPeer2PeerViewController.swift in Sources */,
				605DD4111EB2CB13001C873C /* AppDelegate.swift in Sources */,
				41EB269B1EB5DBC800480186 /* ContactAddViewController.swift in Sources */,
			);
			runOnlyForDeploymentPostprocessing = 0;
		};
/* End PBXSourcesBuildPhase section */

/* Begin PBXVariantGroup section */
		605DD4141EB2CB13001C873C /* Main.storyboard */ = {
			isa = PBXVariantGroup;
			children = (
				605DD4151EB2CB13001C873C /* Base */,
			);
			name = Main.storyboard;
			sourceTree = "<group>";
		};
		605DD4191EB2CB13001C873C /* LaunchScreen.storyboard */ = {
			isa = PBXVariantGroup;
			children = (
				605DD41A1EB2CB13001C873C /* Base */,
			);
			name = LaunchScreen.storyboard;
			sourceTree = "<group>";
		};
/* End PBXVariantGroup section */

/* Begin XCBuildConfiguration section */
		605DD41D1EB2CB13001C873C /* Debug */ = {
			isa = XCBuildConfiguration;
			buildSettings = {
				ALWAYS_SEARCH_USER_PATHS = NO;
				CLANG_ANALYZER_NONNULL = YES;
				CLANG_ANALYZER_NUMBER_OBJECT_CONVERSION = YES_AGGRESSIVE;
				CLANG_CXX_LANGUAGE_STANDARD = "gnu++0x";
				CLANG_CXX_LIBRARY = "libc++";
				CLANG_ENABLE_MODULES = YES;
				CLANG_ENABLE_OBJC_ARC = YES;
				CLANG_WARN_BOOL_CONVERSION = YES;
				CLANG_WARN_CONSTANT_CONVERSION = YES;
				CLANG_WARN_DIRECT_OBJC_ISA_USAGE = YES_ERROR;
				CLANG_WARN_DOCUMENTATION_COMMENTS = YES;
				CLANG_WARN_EMPTY_BODY = YES;
				CLANG_WARN_ENUM_CONVERSION = YES;
				CLANG_WARN_INFINITE_RECURSION = YES;
				CLANG_WARN_INT_CONVERSION = YES;
				CLANG_WARN_OBJC_ROOT_CLASS = YES_ERROR;
				CLANG_WARN_SUSPICIOUS_MOVE = YES;
				CLANG_WARN_UNREACHABLE_CODE = YES;
				CLANG_WARN__DUPLICATE_METHOD_MATCH = YES;
				"CODE_SIGN_IDENTITY[sdk=iphoneos*]" = "iPhone Developer";
				COPY_PHASE_STRIP = NO;
				DEBUG_INFORMATION_FORMAT = dwarf;
				ENABLE_STRICT_OBJC_MSGSEND = YES;
				ENABLE_TESTABILITY = YES;
				GCC_C_LANGUAGE_STANDARD = gnu99;
				GCC_DYNAMIC_NO_PIC = NO;
				GCC_NO_COMMON_BLOCKS = YES;
				GCC_OPTIMIZATION_LEVEL = 0;
				GCC_PREPROCESSOR_DEFINITIONS = (
					"DEBUG=1",
					"$(inherited)",
				);
				GCC_WARN_64_TO_32_BIT_CONVERSION = YES;
				GCC_WARN_ABOUT_RETURN_TYPE = YES_ERROR;
				GCC_WARN_UNDECLARED_SELECTOR = YES;
				GCC_WARN_UNINITIALIZED_AUTOS = YES_AGGRESSIVE;
				GCC_WARN_UNUSED_FUNCTION = YES;
				GCC_WARN_UNUSED_VARIABLE = YES;
				IPHONEOS_DEPLOYMENT_TARGET = 10.3;
				MTL_ENABLE_DEBUG_INFO = YES;
				ONLY_ACTIVE_ARCH = YES;
				SDKROOT = iphoneos;
				SWIFT_ACTIVE_COMPILATION_CONDITIONS = DEBUG;
				SWIFT_OPTIMIZATION_LEVEL = "-Onone";
			};
			name = Debug;
		};
		605DD41E1EB2CB13001C873C /* Release */ = {
			isa = XCBuildConfiguration;
			buildSettings = {
				ALWAYS_SEARCH_USER_PATHS = NO;
				CLANG_ANALYZER_NONNULL = YES;
				CLANG_ANALYZER_NUMBER_OBJECT_CONVERSION = YES_AGGRESSIVE;
				CLANG_CXX_LANGUAGE_STANDARD = "gnu++0x";
				CLANG_CXX_LIBRARY = "libc++";
				CLANG_ENABLE_MODULES = YES;
				CLANG_ENABLE_OBJC_ARC = YES;
				CLANG_WARN_BOOL_CONVERSION = YES;
				CLANG_WARN_CONSTANT_CONVERSION = YES;
				CLANG_WARN_DIRECT_OBJC_ISA_USAGE = YES_ERROR;
				CLANG_WARN_DOCUMENTATION_COMMENTS = YES;
				CLANG_WARN_EMPTY_BODY = YES;
				CLANG_WARN_ENUM_CONVERSION = YES;
				CLANG_WARN_INFINITE_RECURSION = YES;
				CLANG_WARN_INT_CONVERSION = YES;
				CLANG_WARN_OBJC_ROOT_CLASS = YES_ERROR;
				CLANG_WARN_SUSPICIOUS_MOVE = YES;
				CLANG_WARN_UNREACHABLE_CODE = YES;
				CLANG_WARN__DUPLICATE_METHOD_MATCH = YES;
				"CODE_SIGN_IDENTITY[sdk=iphoneos*]" = "iPhone Developer";
				COPY_PHASE_STRIP = NO;
				DEBUG_INFORMATION_FORMAT = "dwarf-with-dsym";
				ENABLE_NS_ASSERTIONS = NO;
				ENABLE_STRICT_OBJC_MSGSEND = YES;
				GCC_C_LANGUAGE_STANDARD = gnu99;
				GCC_NO_COMMON_BLOCKS = YES;
				GCC_WARN_64_TO_32_BIT_CONVERSION = YES;
				GCC_WARN_ABOUT_RETURN_TYPE = YES_ERROR;
				GCC_WARN_UNDECLARED_SELECTOR = YES;
				GCC_WARN_UNINITIALIZED_AUTOS = YES_AGGRESSIVE;
				GCC_WARN_UNUSED_FUNCTION = YES;
				GCC_WARN_UNUSED_VARIABLE = YES;
				IPHONEOS_DEPLOYMENT_TARGET = 10.3;
				MTL_ENABLE_DEBUG_INFO = NO;
				SDKROOT = iphoneos;
				SWIFT_OPTIMIZATION_LEVEL = "-Owholemodule";
				VALIDATE_PRODUCT = YES;
			};
			name = Release;
		};
		605DD4201EB2CB13001C873C /* Debug */ = {
			isa = XCBuildConfiguration;
			buildSettings = {
				ASSETCATALOG_COMPILER_APPICON_NAME = AppIcon;
				DEVELOPMENT_TEAM = UD5YK4KV23;
				INFOPLIST_FILE = SwiftCase/Info.plist;
				IPHONEOS_DEPLOYMENT_TARGET = 8.0;
				LD_RUNPATH_SEARCH_PATHS = "$(inherited) @executable_path/Frameworks";
				PRODUCT_BUNDLE_IDENTIFIER = com.shepherd.SwiftCase;
				PRODUCT_NAME = "$(TARGET_NAME)";
				SWIFT_VERSION = 3.0;
			};
			name = Debug;
		};
		605DD4211EB2CB13001C873C /* Release */ = {
			isa = XCBuildConfiguration;
			buildSettings = {
				ASSETCATALOG_COMPILER_APPICON_NAME = AppIcon;
				DEVELOPMENT_TEAM = UD5YK4KV23;
				INFOPLIST_FILE = SwiftCase/Info.plist;
				IPHONEOS_DEPLOYMENT_TARGET = 8.0;
				LD_RUNPATH_SEARCH_PATHS = "$(inherited) @executable_path/Frameworks";
				PRODUCT_BUNDLE_IDENTIFIER = com.shepherd.SwiftCase;
				PRODUCT_NAME = "$(TARGET_NAME)";
				SWIFT_VERSION = 3.0;
			};
			name = Release;
		};
/* End XCBuildConfiguration section */

/* Begin XCConfigurationList section */
		605DD4081EB2CB13001C873C /* Build configuration list for PBXProject "SwiftCase" */ = {
			isa = XCConfigurationList;
			buildConfigurations = (
				605DD41D1EB2CB13001C873C /* Debug */,
				605DD41E1EB2CB13001C873C /* Release */,
			);
			defaultConfigurationIsVisible = 0;
			defaultConfigurationName = Release;
		};
		605DD41F1EB2CB13001C873C /* Build configuration list for PBXNativeTarget "SwiftCase" */ = {
			isa = XCConfigurationList;
			buildConfigurations = (
				605DD4201EB2CB13001C873C /* Debug */,
				605DD4211EB2CB13001C873C /* Release */,
			);
			defaultConfigurationIsVisible = 0;
			defaultConfigurationName = Release;
		};
/* End XCConfigurationList section */
	};
	rootObject = 605DD4051EB2CB13001C873C /* Project object */;
}
